PODS:
  - 1PasswordExtension (1.0.9)
  - AFNetworking (2.2.4):
    - AFNetworking/NSURLConnection
    - AFNetworking/NSURLSession
    - AFNetworking/Reachability
    - AFNetworking/Security
    - AFNetworking/Serialization
    - AFNetworking/UIKit
  - AFNetworking/NSURLConnection (2.2.4):
    - AFNetworking/Reachability
    - AFNetworking/Security
    - AFNetworking/Serialization
  - AFNetworking/NSURLSession (2.2.4):
    - AFNetworking/NSURLConnection
  - AFNetworking/Reachability (2.2.4)
  - AFNetworking/Security (2.2.4)
  - AFNetworking/Serialization (2.2.4)
  - AFNetworking/UIKit (2.2.4):
    - AFNetworking/NSURLConnection
    - AFNetworking/NSURLSession
  - ASPinboard (0.0.3):
    - hpple (~> 0.2.0)
  - BugshotKit (0.1.0)
  - CrashlyticsFramework (2.2.4)
  - FMDB (2.3):
    - FMDB/standard
  - FMDB/common (2.3)
  - FMDB/standard (2.3):
    - FMDB/common
  - hpple (0.2.0)
  - HTMLParser (0.0.1)
  - KeychainItemWrapper (1.2)
  - LHSCategoryCollection (0.0.13)
  - LHSDelicious (0.1.1):
    - AFNetworking (~> 2.2.0)
    - XMLDictionary (~> 1.3)
  - LHSDiigo (0.0.1)
  - LHSFMDatabaseAdditions (0.0.1)
  - LHSKeyboardAdjusting (0.0.1)
  - LHSTableViewCells (0.0.1)
  - Mixpanel (2.4.0)
  - MWFeedParser (1.0.1):
    - MWFeedParser/FeedParser
    - MWFeedParser/NSDate+InternetDateTime
    - MWFeedParser/NSString+HTML
  - MWFeedParser/FeedParser (1.0.1):
    - MWFeedParser/NSDate+InternetDateTime
    - MWFeedParser/NSString+HTML
  - MWFeedParser/NSDate+InternetDateTime (1.0.1)
  - MWFeedParser/NSString+HTML (1.0.1)
  - oauthconsumer (0.0.1)
  - OpenInChrome (0.0.1)
  - PocketAPI (1.0.2)
  - Reachability (3.0.0)
  - RNCryptor (2.2)
  - RPSTPasswordManagementAppService (0.0.1)
  - TextExpander (2.3.1)
  - TTTAttributedLabel (1.10.1)
  - uservoice-iphone-sdk (3.2.1)
  - XMLDictionary (1.4)
  - YHRoundBorderedButton (0.1.0)

DEPENDENCIES:
  - 1PasswordExtension (= 1.0.9)
  - AFNetworking (= 2.2.0)
  - ASPinboard (from `Vendor/ASPinboard`)
  - BugshotKit (= 0.1.0)
  - CrashlyticsFramework (= 2.2.4)
  - FMDB (= 2.3)
  - HTMLParser (from `Specs/HTMLParser.podspec`)
  - KeychainItemWrapper (= 1.2)
  - LHSCategoryCollection (= 0.0.13)
  - LHSDelicious (from `Vendor/LHSDelicious`)
  - LHSDiigo (from `Vendor/LHSDiigo`)
  - LHSFMDatabaseAdditions (from `Specs/LHSFMDatabaseAdditions.podspec`)
  - LHSKeyboardAdjusting (= 0.0.1)
  - LHSTableViewCells
  - Mixpanel (= 2.4.0)
  - MWFeedParser (= 1.0.1)
  - oauthconsumer (from `Specs/oauthconsumer.podspec`)
  - OpenInChrome (= 0.0.1)
  - PocketAPI (= 1.0.2)
  - Reachability (= 3.0.0)
  - RNCryptor
  - RPSTPasswordManagementAppService (from `Specs/RPSTPasswordManagementAppService.podspec`)
  - TextExpander (= 2.3.1)
  - TTTAttributedLabel (= 1.10.1)
  - uservoice-iphone-sdk (= 3.2.1)
  - YHRoundBorderedButton

EXTERNAL SOURCES:
  ASPinboard:
    :local: Vendor/ASPinboard
  HTMLParser:
    :podspec: Specs/HTMLParser.podspec
  LHSDelicious:
    :local: Vendor/LHSDelicious
  LHSDiigo:
    :local: Vendor/LHSDiigo
  LHSFMDatabaseAdditions:
    :podspec: Specs/LHSFMDatabaseAdditions.podspec
  oauthconsumer:
    :podspec: Specs/oauthconsumer.podspec
  RPSTPasswordManagementAppService:
    :podspec: Specs/RPSTPasswordManagementAppService.podspec

SPEC CHECKSUMS:
  1PasswordExtension: 40e5bfe30487e9c11b92dc81f4cb3e47abdf5a58
  AFNetworking: ab63e259fe91eef4519b371ef0a4955af0e73e64
  ASPinboard: 5e25e15c0984073d997301696865779a2b4d7953
  BugshotKit: 1c8bc57927dacc56e53c9ef628a4dc2df300887a
  CrashlyticsFramework: 0c28a2c07a51b7691e6668b83824b0b0be77f307
  FMDB: 31ec26773c7f7b7890a6038235a1f2bbd933a7cb
  hpple: f4eb7c21a8db83ec264e5d614ec7509e10e5adec
  HTMLParser: cb83b00acd806cc24f0dd75998c51d20feeef95a
  KeychainItemWrapper: 577e9e920185892873ded075b8ceb730bebdfd91
  LHSCategoryCollection: 565c85a77f4abe5c034822e28a335f60070e227e
  LHSDelicious: f504d944af93d22dc94628b3ee947d8a8892d1bf
  LHSDiigo: 1ba2e8b3c56de11bef4054d57b5abf5b03bdd732
  LHSFMDatabaseAdditions: 476a3baaf7af6583f258e672a59eb0f4e4ec639f
  LHSKeyboardAdjusting: c73332bc21b4727aa8de7255da7d5f4b68f2deda
  LHSTableViewCells: 8bef7749623c57e48286faa418d1ecaaa33d6723
  Mixpanel: 8cdf6fc831ae1f7515f0d8164dcc381990e0a23a
  MWFeedParser: 003cbf5398e99a7f2057fbe9583054fd1b84be72
  oauthconsumer: c1ccfa4eb54e2473ae375dee1293456804ad9bdc
  OpenInChrome: b7c73ddf8fe0a1788dc0549c3c4c70e3c84da578
  PocketAPI: 801df1a3cdd094e5477add10c80dceb533c98a66
  Reachability: d369b8d7d33730a4bb71d0f601e287da9867c9dd
  RNCryptor: 4f562062c39f288b99601674f2c50dd44b68d58a
  RPSTPasswordManagementAppService: ef9ba65edee84b8031c822dcebc264615b23e789
  TextExpander: 52e77e37c52115ec59cad66b082800f0e54fa545
  TTTAttributedLabel: 94bb04f1e005616002dd2cee0262a0082e533627
  uservoice-iphone-sdk: 7cbc1e76dcbbc3d5ae3b4bf009fdcf355e1e83ec
  XMLDictionary: 735e81b9a043e220b0d24e9d4f16719606f2e0fc
  YHRoundBorderedButton: 6b22ec3f6b160fe6ca9ce8c2057ab1dfe0afb283

COCOAPODS: 0.34.4
