PODS:
  - 1PasswordExtension (1.1)
  - AFNetworking (2.2.4):
    - AFNetworking/NSURLConnection
    - AFNetworking/NSURLSession
    - AFNetworking/Reachability
    - AFNetworking/Security
    - AFNetworking/Serialization
    - AFNetworking/UIKit
  - AFNetworking/NSURLConnection (2.2.4):
    - AFNetworking/Reachability
    - AFNetworking/Security
    - AFNetworking/Serialization
  - AFNetworking/NSURLSession (2.2.4):
    - AFNetworking/NSURLConnection
  - AFNetworking/Reachability (2.2.4)
  - AFNetworking/Security (2.2.4)
  - AFNetworking/Serialization (2.2.4)
  - AFNetworking/UIKit (2.2.4):
    - AFNetworking/NSURLConnection
    - AFNetworking/NSURLSession
  - ASPinboard (0.0.3):
    - hpple (~> 0.2.0)
  - BugshotKit (0.1.0)
  - CrashlyticsFramework (2.2.5.2)
  - FMDB (2.4):
    - FMDB/standard
  - FMDB/common (2.4)
  - FMDB/standard (2.4):
    - FMDB/common
  - hpple (0.2.0)
  - HTMLParser (0.0.1)
  - KeychainItemWrapper (1.2)
  - LHSCategoryCollection (0.0.17)
  - LHSDelicious (0.1.1):
    - AFNetworking (~> 2.2.0)
    - XMLDictionary (~> 1.3)
  - LHSDiigo (0.0.1)
  - LHSFMDatabaseAdditions (0.0.1)
  - LHSKeyboardAdjusting (0.0.1)
  - LHSTableViewCells (0.0.1)
  - Mixpanel (2.6.2):
    - Mixpanel/MPCategoryHelpers
  - Mixpanel/MPCategoryHelpers (2.6.2)
  - MWFeedParser (1.0.1):
    - MWFeedParser/FeedParser
    - MWFeedParser/NSDate+InternetDateTime
    - MWFeedParser/NSString+HTML
  - MWFeedParser/FeedParser (1.0.1):
    - MWFeedParser/NSDate+InternetDateTime
    - MWFeedParser/NSString+HTML
  - MWFeedParser/NSDate+InternetDateTime (1.0.1)
  - MWFeedParser/NSString+HTML (1.0.1)
  - OpenInChrome (0.0.1)
  - Reachability (3.2)
  - RNCryptor (2.2)
  - TextExpander (3.0.5)
  - TTTAttributedLabel (1.13.0)
  - uservoice-iphone-sdk (3.2.2)
  - XMLDictionary (1.4)
  - YHRoundBorderedButton (0.1.0)

DEPENDENCIES:
  - 1PasswordExtension (= 1.1)
  - AFNetworking (= 2.2.0)
  - ASPinboard (from `Vendor/ASPinboard`)
  - BugshotKit (= 0.1.0)
  - CrashlyticsFramework (= 2.2.5.2)
  - FMDB (= 2.4)
  - HTMLParser (from `Specs/HTMLParser.podspec`)
  - KeychainItemWrapper (= 1.2)
  - LHSCategoryCollection (= 0.0.17)
  - LHSDelicious (from `Vendor/LHSDelicious`)
  - LHSDiigo (from `Vendor/LHSDiigo`)
  - LHSFMDatabaseAdditions (from `Specs/LHSFMDatabaseAdditions.podspec`)
  - LHSKeyboardAdjusting (= 0.0.1)
  - LHSTableViewCells
  - Mixpanel (= 2.6.2)
  - MWFeedParser (= 1.0.1)
  - OpenInChrome (= 0.0.1)
  - Reachability (= 3.2)
  - RNCryptor (= 2.2)
  - TextExpander (= 3.0.5)
  - TTTAttributedLabel (= 1.13.0)
  - uservoice-iphone-sdk (= 3.2.2)
  - YHRoundBorderedButton (= 0.1.0)

EXTERNAL SOURCES:
  ASPinboard:
    :local: Vendor/ASPinboard
  HTMLParser:
    :podspec: Specs/HTMLParser.podspec
  LHSDelicious:
    :local: Vendor/LHSDelicious
  LHSDiigo:
    :local: Vendor/LHSDiigo
  LHSFMDatabaseAdditions:
    :podspec: Specs/LHSFMDatabaseAdditions.podspec

SPEC CHECKSUMS:
  1PasswordExtension: 37d1488cf049b8bc0811beb7b52a19f8f803f7c8
  AFNetworking: ab63e259fe91eef4519b371ef0a4955af0e73e64
  ASPinboard: 5e25e15c0984073d997301696865779a2b4d7953
  BugshotKit: 1c8bc57927dacc56e53c9ef628a4dc2df300887a
  CrashlyticsFramework: 4e91082f3019bea7e718e1b67b0a3b56729dbc5d
  FMDB: 0b2fa25e5264ef177973c0cb8c02c711107979aa
  hpple: f4eb7c21a8db83ec264e5d614ec7509e10e5adec
  HTMLParser: cb83b00acd806cc24f0dd75998c51d20feeef95a
  KeychainItemWrapper: 577e9e920185892873ded075b8ceb730bebdfd91
  LHSCategoryCollection: d82650a35afbd4c9ca5ae2925f8f15462f6c427c
  LHSDelicious: f504d944af93d22dc94628b3ee947d8a8892d1bf
  LHSDiigo: 1ba2e8b3c56de11bef4054d57b5abf5b03bdd732
  LHSFMDatabaseAdditions: 476a3baaf7af6583f258e672a59eb0f4e4ec639f
  LHSKeyboardAdjusting: c73332bc21b4727aa8de7255da7d5f4b68f2deda
  LHSTableViewCells: 8bef7749623c57e48286faa418d1ecaaa33d6723
  Mixpanel: c075cedebda3328ce1ee29a18429e265ce967cd8
  MWFeedParser: 003cbf5398e99a7f2057fbe9583054fd1b84be72
  OpenInChrome: b7c73ddf8fe0a1788dc0549c3c4c70e3c84da578
  Reachability: 1ef8adf5c4e3d362f96515d4278f68dad3c26930
  RNCryptor: 4f562062c39f288b99601674f2c50dd44b68d58a
  TextExpander: 7f72152af44ccbf6e67462dc28ef2a7872bbd67a
  TTTAttributedLabel: a847b59a75c92d59f4eabc9cc1745704cff2dc36
  uservoice-iphone-sdk: 9dc05d00656482f54bf03f793334a8f7ff070e46
  XMLDictionary: 735e81b9a043e220b0d24e9d4f16719606f2e0fc
  YHRoundBorderedButton: 6b22ec3f6b160fe6ca9ce8c2057ab1dfe0afb283

COCOAPODS: 0.34.4
