PODS:
  - AFNetworking (4.0.1):
    - AFNetworking/NSURLSession (= 4.0.1)
    - AFNetworking/Reachability (= 4.0.1)
    - AFNetworking/Security (= 4.0.1)
    - AFNetworking/Serialization (= 4.0.1)
    - AFNetworking/UIKit (= 4.0.1)
  - AFNetworking/NSURLSession (4.0.1):
    - AFNetworking/Reachability
    - AFNetworking/Security
    - AFNetworking/Serialization
  - AFNetworking/Reachability (4.0.1)
  - AFNetworking/Security (4.0.1)
  - AFNetworking/Serialization (4.0.1)
  - AFNetworking/UIKit (4.0.1):
    - AFNetworking/NSURLSession
  - ASPinboard (1.0.0):
    - hpple (~> 0.2.0)
  - Beacon (2.2.4)
  - BRYHTMLParser (2.1.3)
  - ChimpKit (3.1.1)
  - Firebase/Core (9.6.0):
    - Firebase/CoreOnly
    - FirebaseAnalytics (~> 9.6.0)
  - Firebase/CoreOnly (9.6.0):
    - FirebaseCore (= 9.6.0)
  - FirebaseAnalytics (9.6.0):
    - FirebaseAnalytics/AdIdSupport (= 9.6.0)
    - FirebaseCore (~> 9.0)
    - FirebaseInstallations (~> 9.0)
    - GoogleUtilities/AppDelegateSwizzler (~> 7.7)
    - GoogleUtilities/MethodSwizzler (~> 7.7)
    - GoogleUtilities/Network (~> 7.7)
    - "GoogleUtilities/NSData+zlib (~> 7.7)"
    - nanopb (< 2.30910.0, >= 2.30908.0)
  - FirebaseAnalytics/AdIdSupport (9.6.0):
    - FirebaseCore (~> 9.0)
    - FirebaseInstallations (~> 9.0)
    - GoogleAppMeasurement (= 9.6.0)
    - GoogleUtilities/AppDelegateSwizzler (~> 7.7)
    - GoogleUtilities/MethodSwizzler (~> 7.7)
    - GoogleUtilities/Network (~> 7.7)
    - "GoogleUtilities/NSData+zlib (~> 7.7)"
    - nanopb (< 2.30910.0, >= 2.30908.0)
  - FirebaseCore (9.6.0):
    - FirebaseCoreDiagnostics (~> 9.0)
    - FirebaseCoreInternal (~> 9.0)
    - GoogleUtilities/Environment (~> 7.7)
    - GoogleUtilities/Logger (~> 7.7)
  - FirebaseCoreDiagnostics (9.6.0):
    - GoogleDataTransport (< 10.0.0, >= 9.1.4)
    - GoogleUtilities/Environment (~> 7.7)
    - GoogleUtilities/Logger (~> 7.7)
    - nanopb (< 2.30910.0, >= 2.30908.0)
  - FirebaseCoreInternal (9.6.0):
    - "GoogleUtilities/NSData+zlib (~> 7.7)"
  - FirebaseInstallations (9.6.0):
    - FirebaseCore (~> 9.0)
    - GoogleUtilities/Environment (~> 7.7)
    - GoogleUtilities/UserDefaults (~> 7.7)
    - PromisesObjC (~> 2.1)
  - FMDB (2.7.5):
    - FMDB/standard (= 2.7.5)
  - FMDB/standard (2.7.5)
  - GoogleAppMeasurement (9.6.0):
    - GoogleAppMeasurement/AdIdSupport (= 9.6.0)
    - GoogleUtilities/AppDelegateSwizzler (~> 7.7)
    - GoogleUtilities/MethodSwizzler (~> 7.7)
    - GoogleUtilities/Network (~> 7.7)
    - "GoogleUtilities/NSData+zlib (~> 7.7)"
    - nanopb (< 2.30910.0, >= 2.30908.0)
  - GoogleAppMeasurement/AdIdSupport (9.6.0):
    - GoogleAppMeasurement/WithoutAdIdSupport (= 9.6.0)
    - GoogleUtilities/AppDelegateSwizzler (~> 7.7)
    - GoogleUtilities/MethodSwizzler (~> 7.7)
    - GoogleUtilities/Network (~> 7.7)
    - "GoogleUtilities/NSData+zlib (~> 7.7)"
    - nanopb (< 2.30910.0, >= 2.30908.0)
  - GoogleAppMeasurement/WithoutAdIdSupport (9.6.0):
    - GoogleUtilities/AppDelegateSwizzler (~> 7.7)
    - GoogleUtilities/MethodSwizzler (~> 7.7)
    - GoogleUtilities/Network (~> 7.7)
    - "GoogleUtilities/NSData+zlib (~> 7.7)"
    - nanopb (< 2.30910.0, >= 2.30908.0)
  - GoogleDataTransport (9.2.0):
    - GoogleUtilities/Environment (~> 7.7)
    - nanopb (< 2.30910.0, >= 2.30908.0)
    - PromisesObjC (< 3.0, >= 1.2)
  - GoogleUtilities/AppDelegateSwizzler (7.8.0):
    - GoogleUtilities/Environment
    - GoogleUtilities/Logger
    - GoogleUtilities/Network
  - GoogleUtilities/Environment (7.8.0):
    - PromisesObjC (< 3.0, >= 1.2)
  - GoogleUtilities/Logger (7.8.0):
    - GoogleUtilities/Environment
  - GoogleUtilities/MethodSwizzler (7.8.0):
    - GoogleUtilities/Logger
  - GoogleUtilities/Network (7.8.0):
    - GoogleUtilities/Logger
    - "GoogleUtilities/NSData+zlib"
    - GoogleUtilities/Reachability
  - "GoogleUtilities/NSData+zlib (7.8.0)"
  - GoogleUtilities/Reachability (7.8.0):
    - GoogleUtilities/Logger
  - GoogleUtilities/UserDefaults (7.8.0):
    - GoogleUtilities/Logger
  - hpple (0.2.0)
  - HTMLParser (0.1.2)
  - KeyboardAdjuster (5.0.2)
  - KeychainItemWrapper (1.2)
  - LHSCategoryCollection (0.0.22)
  - LHSFMDatabaseAdditions (0.0.3):
    - FMDB
  - LHSKeyboardAdjusting (2.0.1)
  - LHSTableViewCells (0.0.1)
  - LionheartExtensions (5.1.1):
    - LionheartExtensions/Core (= 5.1.1)
  - LionheartExtensions/Core (5.1.1)
  - MWFeedParser (1.0.1):
    - MWFeedParser/FeedParser (= 1.0.1)
    - "MWFeedParser/NSDate+InternetDateTime (= 1.0.1)"
    - "MWFeedParser/NSString+HTML (= 1.0.1)"
  - MWFeedParser/FeedParser (1.0.1):
    - "MWFeedParser/NSDate+InternetDateTime"
    - "MWFeedParser/NSString+HTML"
  - "MWFeedParser/NSDate+InternetDateTime (1.0.1)"
  - "MWFeedParser/NSString+HTML (1.0.1)"
  - nanopb (2.30909.0):
    - nanopb/decode (= 2.30909.0)
    - nanopb/encode (= 2.30909.0)
  - nanopb/decode (2.30909.0)
  - nanopb/encode (2.30909.0)
  - OpenInChrome (0.0.1)
  - PromisesObjC (2.1.1)
  - QuickTableView (4.0.0):
    - KeyboardAdjuster (~> 5)
  - RNCryptor-objc (3.0.6)
  - SuperLayout (2.0.0):
    - SuperLayout/Core (= 2.0.0)
  - SuperLayout/Core (2.0.0)
  - TipJarViewController (2.1.0):
    - LionheartExtensions (~> 5.0)
    - QuickTableView (~> 4.0)
    - SuperLayout (~> 2.0)
  - TMReachability (3.2)
  - TTTAttributedLabel (1.13.4)

DEPENDENCIES:
  - AFNetworking (~> 4.0)
  - ASPinboard (~> 1.0)
  - Beacon
  - BRYHTMLParser
  - ChimpKit
  - Firebase/Core
  - FMDB
  - HTMLParser
  - KeychainItemWrapper (~> 1.2)
  - LHSCategoryCollection
  - LHSFMDatabaseAdditions (~> 0.0)
  - LHSKeyboardAdjusting (~> 2.0)
  - LHSTableViewCells
  - LionheartExtensions
  - MWFeedParser (from `https://github.com/lionheart/MWFeedParser.git`, commit `5df8daf`)
  - OpenInChrome (~> 0.0)
  - QuickTableView
  - RNCryptor-objc (~> 3)
  - SuperLayout (~> 2.0)
  - TipJarViewController (~> 2.0)
  - TMReachability (from `https://github.com/lionheart/Reachability`, commit `e34782b386307e386348b481c02c176d58ba45e6`)
  - TTTAttributedLabel (~> 1.13)

SPEC REPOS:
  https://github.com/CocoaPods/Specs.git:
    - AFNetworking
    - ASPinboard
    - Beacon
    - BRYHTMLParser
    - ChimpKit
    - Firebase
    - FirebaseAnalytics
    - FirebaseCore
    - FirebaseCoreDiagnostics
    - FirebaseCoreInternal
    - FirebaseInstallations
    - FMDB
    - GoogleAppMeasurement
    - GoogleDataTransport
    - GoogleUtilities
    - hpple
    - HTMLParser
    - KeyboardAdjuster
    - KeychainItemWrapper
    - LHSCategoryCollection
    - LHSFMDatabaseAdditions
    - LHSKeyboardAdjusting
    - LHSTableViewCells
    - LionheartExtensions
    - nanopb
    - OpenInChrome
    - PromisesObjC
    - QuickTableView
    - RNCryptor-objc
    - SuperLayout
    - TipJarViewController
    - TTTAttributedLabel

EXTERNAL SOURCES:
  MWFeedParser:
    :commit: 5df8daf
    :git: https://github.com/lionheart/MWFeedParser.git
  TMReachability:
    :commit: e34782b386307e386348b481c02c176d58ba45e6
    :git: https://github.com/lionheart/Reachability

CHECKOUT OPTIONS:
  MWFeedParser:
    :commit: 5df8daf
    :git: https://github.com/lionheart/MWFeedParser.git
  TMReachability:
    :commit: e34782b386307e386348b481c02c176d58ba45e6
    :git: https://github.com/lionheart/Reachability

SPEC CHECKSUMS:
  AFNetworking: 7864c38297c79aaca1500c33288e429c3451fdce
  ASPinboard: 04dbe1357a1ebc6a8ec63bc8e9a06a06308ee8d1
  Beacon: d17bd9e9c3d9fbafdcc79b947d29f3b4fd237247
  BRYHTMLParser: c84b3e5aa4fd6706271c48ed480af13ab0d71afb
  ChimpKit: d020126089544daa349397a91f1489a3f271b791
  Firebase: 5ae8b7cf8efce559a653aef0ad95bab3f427c351
  FirebaseAnalytics: 89ad762c6c3852a685794174757e2c60a36b6a82
  FirebaseCore: 2082fffcd855f95f883c0a1641133eb9bbe76d40
  FirebaseCoreDiagnostics: 99a495094b10a57eeb3ae8efa1665700ad0bdaa6
  FirebaseCoreInternal: bca76517fe1ed381e989f5e7d8abb0da8d85bed3
  FirebaseInstallations: 0a115432c4e223c5ab20b0dbbe4cbefa793a0e8e
  FMDB: 2ce00b547f966261cd18927a3ddb07cb6f3db82a
  GoogleAppMeasurement: 6de2b1a69e4326eb82ee05d138f6a5cb7311bcb1
  GoogleDataTransport: 1c8145da7117bd68bbbed00cf304edb6a24de00f
  GoogleUtilities: 1d20a6ad97ef46f67bbdec158ce00563a671ebb7
  hpple: 3b765f96fc2cd56ad1a49aef6f7be5cb2aa64b57
  HTMLParser: 0aff2823b285cfe41996d55d1ae742a27ff89305
  KeyboardAdjuster: 93eff119ccdeae5d997008a8d3258dce5fad2a4a
  KeychainItemWrapper: 67a240172ed669842bc6bc13ed554dcd50469fa2
  LHSCategoryCollection: 738329e3b0f67a5f981c6e3eb102ce841c6e5ab6
  LHSFMDatabaseAdditions: aba229cb0db6aea013a64c3be1542cd13b0a069e
  LHSKeyboardAdjusting: 8f9b8d6e80315e653bf3188ae62963874d342d68
  LHSTableViewCells: 47b4d33382cb4a09960371267e2142970afdfdd6
  LionheartExtensions: a7095285260f2817776217efe7f46204f903a80d
  MWFeedParser: 3b7def9d9970c7340f450c5743a8c1cb27c00227
  nanopb: b552cce312b6c8484180ef47159bc0f65a1f0431
  OpenInChrome: f1f3f9dec682216fe78a0d7fe0b5b263d6312c32
  PromisesObjC: ab77feca74fa2823e7af4249b8326368e61014cb
  QuickTableView: 379683237a429be2fd94257e08373b8656a3be24
  RNCryptor-objc: d1b228f9c02e2173df063f0617684c134aed890e
  SuperLayout: 0208ad821522fb50b62d9b8b808690d190a871ea
  TipJarViewController: 17fd7aea900b7a3675e00babb654f6edf4171f7a
  TMReachability: 48c99d728a8b0ad4493800592484b8cbb65c896c
  TTTAttributedLabel: 0a2ac7b2dd726d32a070dafb01446026b11e624f

PODFILE CHECKSUM: 8f725ecd68cf98defe41274f02cb15607092fb53

COCOAPODS: 1.11.3
