// !$*UTF8*$!
{
	archiveVersion = 1;
	classes = {
	};
	objectVersion = 46;
	objects = {

/* Begin PBXBuildFile section */
		37098F3B15EC81D7005D84B1 /* tags.xml in Resources */ = {isa = PBXBuildFile; fileRef = 37098F3A15EC81D7005D84B1 /* tags.xml */; };
		370ACB5B15F01863001A0058 /* 71-compass.png in Resources */ = {isa = PBXBuildFile; fileRef = 370ACB5915F01863001A0058 /* 71-compass.png */; };
		370ACB5C15F01863001A0058 /* 71-compass@2x.png in Resources */ = {isa = PBXBuildFile; fileRef = 370ACB5A15F01863001A0058 /* 71-compass@2x.png */; };
		370ACB6015F044FF001A0058 /* Model.xcdatamodeld in Sources */ = {isa = PBXBuildFile; fileRef = 370ACB5E15F044FF001A0058 /* Model.xcdatamodeld */; };
		370EE75215ED108300B262E2 /* CoreData.framework in Frameworks */ = {isa = PBXBuildFile; fileRef = 370EE75115ED108300B262E2 /* CoreData.framework */; };
		370EE75A15ED2A4D00B262E2 /* ASManagedObject.m in Sources */ = {isa = PBXBuildFile; fileRef = 370EE75915ED2A4D00B262E2 /* ASManagedObject.m */; };
		3715EEC715787CAA00FD21EE /* main.css in Resources */ = {isa = PBXBuildFile; fileRef = 3715EEC615787CAA00FD21EE /* main.css */; };
		371BCAFF15772B4400BDA996 /* BookmarkCell.m in Sources */ = {isa = PBXBuildFile; fileRef = 371BCAFE15772B4400BDA996 /* BookmarkCell.m */; };
		371BCB0215772C0E00BDA996 /* CoreText.framework in Frameworks */ = {isa = PBXBuildFile; fileRef = 371BCB0115772C0E00BDA996 /* CoreText.framework */; };
		37275585161A626B001A857B /* arrow.png in Resources */ = {isa = PBXBuildFile; fileRef = 37275580161A626B001A857B /* arrow.png */; };
		37275586161A626B001A857B /* arrow@2x.png in Resources */ = {isa = PBXBuildFile; fileRef = 37275581161A626B001A857B /* arrow@2x.png */; };
		37275587161A626B001A857B /* PullToRefreshView.m in Sources */ = {isa = PBXBuildFile; fileRef = 37275583161A626B001A857B /* PullToRefreshView.m */; };
		37275588161A626B001A857B /* README in Resources */ = {isa = PBXBuildFile; fileRef = 37275584161A626B001A857B /* README */; };
		3727558C161A66A2001A857B /* TagViewController.m in Sources */ = {isa = PBXBuildFile; fileRef = 3727558B161A66A2001A857B /* TagViewController.m */; };
		372E2B3715ABE90B007514D8 /* HomeViewController.m in Sources */ = {isa = PBXBuildFile; fileRef = 372E2B3615ABE90B007514D8 /* HomeViewController.m */; };
		37483C5716194575000EE5D1 /* TabBarViewController.m in Sources */ = {isa = PBXBuildFile; fileRef = 37483C5616194575000EE5D1 /* TabBarViewController.m */; };
		37483C5B16194A82000EE5D1 /* Bookmark.m in Sources */ = {isa = PBXBuildFile; fileRef = 37483C5A16194A82000EE5D1 /* Bookmark.m */; };
		37483C5E16194A93000EE5D1 /* Tag.m in Sources */ = {isa = PBXBuildFile; fileRef = 37483C5D16194A93000EE5D1 /* Tag.m */; };
		374D3D5315AB60AE003E1592 /* cog-white.png in Resources */ = {isa = PBXBuildFile; fileRef = 374D3D4F15AB60AE003E1592 /* cog-white.png */; };
		374D3D5415AB60AE003E1592 /* cog-white@2x.png in Resources */ = {isa = PBXBuildFile; fileRef = 374D3D5015AB60AE003E1592 /* cog-white@2x.png */; };
		374D3D5515AB60AE003E1592 /* cog.png in Resources */ = {isa = PBXBuildFile; fileRef = 374D3D5115AB60AE003E1592 /* cog.png */; };
		374D3D5615AB60AE003E1592 /* cog@2x.png in Resources */ = {isa = PBXBuildFile; fileRef = 374D3D5215AB60AE003E1592 /* cog@2x.png */; };
		3768DA54161B5F620069161E /* Note.m in Sources */ = {isa = PBXBuildFile; fileRef = 3768DA53161B5F620069161E /* Note.m */; };
		376A4F6315E5796B00D8E073 /* BookmarkList.m in Sources */ = {isa = PBXBuildFile; fileRef = 376A4F5D15E5796B00D8E073 /* BookmarkList.m */; };
		3779D08815EC0928009E564A /* icon_bookmark.png in Resources */ = {isa = PBXBuildFile; fileRef = 3779D08715EC0928009E564A /* icon_bookmark.png */; };
		3779D08A15EC0982009E564A /* 14-tag.png in Resources */ = {isa = PBXBuildFile; fileRef = 3779D08915EC0982009E564A /* 14-tag.png */; };
		3779D08C15EC098E009E564A /* 14-tag@2x.png in Resources */ = {isa = PBXBuildFile; fileRef = 3779D08B15EC098E009E564A /* 14-tag@2x.png */; };
		3779D08F15EC09AA009E564A /* 19-gear.png in Resources */ = {isa = PBXBuildFile; fileRef = 3779D08D15EC09AA009E564A /* 19-gear.png */; };
		3779D09015EC09AA009E564A /* 19-gear@2x.png in Resources */ = {isa = PBXBuildFile; fileRef = 3779D08E15EC09AA009E564A /* 19-gear@2x.png */; };
		3779D09315EC0A68009E564A /* 106-sliders.png in Resources */ = {isa = PBXBuildFile; fileRef = 3779D09115EC0A68009E564A /* 106-sliders.png */; };
		3779D09415EC0A68009E564A /* 106-sliders@2x.png in Resources */ = {isa = PBXBuildFile; fileRef = 3779D09215EC0A68009E564A /* 106-sliders@2x.png */; };
		3779D09715EC0A8E009E564A /* 58-bookmark.png in Resources */ = {isa = PBXBuildFile; fileRef = 3779D09515EC0A8E009E564A /* 58-bookmark.png */; };
		3779D09815EC0A8E009E564A /* 58-bookmark@2x.png in Resources */ = {isa = PBXBuildFile; fileRef = 3779D09615EC0A8E009E564A /* 58-bookmark@2x.png */; };
		3779D09B15EC0AA9009E564A /* 15-tags.png in Resources */ = {isa = PBXBuildFile; fileRef = 3779D09915EC0AA9009E564A /* 15-tags.png */; };
		3779D09C15EC0AA9009E564A /* 15-tags@2x.png in Resources */ = {isa = PBXBuildFile; fileRef = 3779D09A15EC0AA9009E564A /* 15-tags@2x.png */; };
		3779D09F15EC0B44009E564A /* 10-medical.png in Resources */ = {isa = PBXBuildFile; fileRef = 3779D09D15EC0B44009E564A /* 10-medical.png */; };
		3779D0A015EC0B44009E564A /* 10-medical@2x.png in Resources */ = {isa = PBXBuildFile; fileRef = 3779D09E15EC0B44009E564A /* 10-medical@2x.png */; };
		3779D0A315EC0BC0009E564A /* 28-star.png in Resources */ = {isa = PBXBuildFile; fileRef = 3779D0A115EC0BC0009E564A /* 28-star.png */; };
		3779D0A415EC0BC0009E564A /* 28-star@2x.png in Resources */ = {isa = PBXBuildFile; fileRef = 3779D0A215EC0BC0009E564A /* 28-star@2x.png */; };
		3779D0A715EC0BF2009E564A /* 16-line-chart.png in Resources */ = {isa = PBXBuildFile; fileRef = 3779D0A515EC0BF2009E564A /* 16-line-chart.png */; };
		3779D0A815EC0BF2009E564A /* 16-line-chart@2x.png in Resources */ = {isa = PBXBuildFile; fileRef = 3779D0A615EC0BF2009E564A /* 16-line-chart@2x.png */; };
		3779D0AB15EC0C26009E564A /* 44-shoebox.png in Resources */ = {isa = PBXBuildFile; fileRef = 3779D0A915EC0C25009E564A /* 44-shoebox.png */; };
		3779D0AC15EC0C26009E564A /* 44-shoebox@2x.png in Resources */ = {isa = PBXBuildFile; fileRef = 3779D0AA15EC0C25009E564A /* 44-shoebox@2x.png */; };
		3779D0AF15EC0C59009E564A /* 33-cabinet.png in Resources */ = {isa = PBXBuildFile; fileRef = 3779D0AD15EC0C59009E564A /* 33-cabinet.png */; };
		3779D0B015EC0C59009E564A /* 33-cabinet@2x.png in Resources */ = {isa = PBXBuildFile; fileRef = 3779D0AE15EC0C59009E564A /* 33-cabinet@2x.png */; };
		3779D0B315EC0C83009E564A /* 104-index-cards.png in Resources */ = {isa = PBXBuildFile; fileRef = 3779D0B115EC0C83009E564A /* 104-index-cards.png */; };
		3779D0B415EC0C83009E564A /* 104-index-cards@2x.png in Resources */ = {isa = PBXBuildFile; fileRef = 3779D0B215EC0C83009E564A /* 104-index-cards@2x.png */; };
		3779D0B715EC0DA8009E564A /* 112-group.png in Resources */ = {isa = PBXBuildFile; fileRef = 3779D0B515EC0DA8009E564A /* 112-group.png */; };
		3779D0B815EC0DA8009E564A /* 112-group@2x.png in Resources */ = {isa = PBXBuildFile; fileRef = 3779D0B615EC0DA8009E564A /* 112-group@2x.png */; };
		37800E41162B2EDA009FCB17 /* SettingsViewController.m in Sources */ = {isa = PBXBuildFile; fileRef = 37800E40162B2EDA009FCB17 /* SettingsViewController.m */; };
		37800E45162B389B009FCB17 /* AddBookmarkViewController.m in Sources */ = {isa = PBXBuildFile; fileRef = 37800E44162B389B009FCB17 /* AddBookmarkViewController.m */; };
		37800E4B162C844A009FCB17 /* about.html in Resources */ = {isa = PBXBuildFile; fileRef = 37800E4A162C844A009FCB17 /* about.html */; };
		37800E88162CF1A3009FCB17 /* Reachability.m in Sources */ = {isa = PBXBuildFile; fileRef = 37800E70162CF1A2009FCB17 /* Reachability.m */; };
		37800E89162CF1A3009FCB17 /* Reachability.podspec in Resources */ = {isa = PBXBuildFile; fileRef = 37800E71162CF1A2009FCB17 /* Reachability.podspec */; };
		37800E8A162CF1A3009FCB17 /* README.md in Resources */ = {isa = PBXBuildFile; fileRef = 37800E72162CF1A2009FCB17 /* README.md */; };
		37800E9A162D5264009FCB17 /* SystemConfiguration.framework in Frameworks */ = {isa = PBXBuildFile; fileRef = 37800E99162D5264009FCB17 /* SystemConfiguration.framework */; };
		3786465F15773E6700A1D5F8 /* Bookmark.mustache in Resources */ = {isa = PBXBuildFile; fileRef = 3786465E15773E6700A1D5F8 /* Bookmark.mustache */; };
		3787002B15B49B17008A477A /* Icon.png in Resources */ = {isa = PBXBuildFile; fileRef = 3787002A15B49B17008A477A /* Icon.png */; };
		3787002D15B49B23008A477A /* Icon@2x.png in Resources */ = {isa = PBXBuildFile; fileRef = 3787002C15B49B23008A477A /* Icon@2x.png */; };
		3787FFEB15B49989008A477A /* Icon-settings.png in Resources */ = {isa = PBXBuildFile; fileRef = 3787FFE515B49989008A477A /* Icon-settings.png */; };
		3787FFEC15B49989008A477A /* Icon-settings@2x.png in Resources */ = {isa = PBXBuildFile; fileRef = 3787FFE615B49989008A477A /* Icon-settings@2x.png */; };
		3787FFED15B49989008A477A /* Icon.png in Resources */ = {isa = PBXBuildFile; fileRef = 3787FFE715B49989008A477A /* Icon.png */; };
		3787FFEE15B49989008A477A /* Icon@2x.png in Resources */ = {isa = PBXBuildFile; fileRef = 3787FFE815B49989008A477A /* Icon@2x.png */; };
		3787FFEF15B49989008A477A /* iTunesArtwork.png in Resources */ = {isa = PBXBuildFile; fileRef = 3787FFE915B49989008A477A /* iTunesArtwork.png */; };
		3787FFF015B49989008A477A /* iTunesArtwork@2x.png in Resources */ = {isa = PBXBuildFile; fileRef = 3787FFEA15B49989008A477A /* iTunesArtwork@2x.png */; };
		37919F1B16091D5B007708EF /* Pinboard.m in Sources */ = {isa = PBXBuildFile; fileRef = 376A4F5F15E5796B00D8E073 /* Pinboard.m */; };
		37919F1E16091DF5007708EF /* LoginViewController.m in Sources */ = {isa = PBXBuildFile; fileRef = 37919F1D16091DF5007708EF /* LoginViewController.m */; };
		37919F2016092198007708EF /* QuartzCore.framework in Frameworks */ = {isa = PBXBuildFile; fileRef = 37919F1F16092198007708EF /* QuartzCore.framework */; };
		37919F2B16092492007708EF /* pin.png in Resources */ = {isa = PBXBuildFile; fileRef = 37919F2916092492007708EF /* pin.png */; };
		37919F2C16092492007708EF /* pin@2x.png in Resources */ = {isa = PBXBuildFile; fileRef = 37919F2A16092492007708EF /* pin@2x.png */; };
		37A25A2215FC42B5009716BB /* NoteViewController.m in Sources */ = {isa = PBXBuildFile; fileRef = 37A25A2115FC42B5009716BB /* NoteViewController.m */; };
		37AFB01115AB7CCA00900254 /* recent.xml in Resources */ = {isa = PBXBuildFile; fileRef = 37AFB01015AB7CCA00900254 /* recent.xml */; };
		37DCCF2F158AF3FC00ED71B1 /* AFHTTPClient.m in Sources */ = {isa = PBXBuildFile; fileRef = 37DCCF1B158AF3FC00ED71B1 /* AFHTTPClient.m */; settings = {COMPILER_FLAGS = "-fno-objc-arc"; }; };
		37DCCF30158AF3FC00ED71B1 /* AFHTTPRequestOperation.m in Sources */ = {isa = PBXBuildFile; fileRef = 37DCCF1D158AF3FC00ED71B1 /* AFHTTPRequestOperation.m */; settings = {COMPILER_FLAGS = "-fno-objc-arc"; }; };
		37DCCF31158AF3FC00ED71B1 /* AFImageRequestOperation.m in Sources */ = {isa = PBXBuildFile; fileRef = 37DCCF1F158AF3FC00ED71B1 /* AFImageRequestOperation.m */; settings = {COMPILER_FLAGS = "-fno-objc-arc"; }; };
		37DCCF32158AF3FC00ED71B1 /* AFJSONRequestOperation.m in Sources */ = {isa = PBXBuildFile; fileRef = 37DCCF21158AF3FC00ED71B1 /* AFJSONRequestOperation.m */; settings = {COMPILER_FLAGS = "-fno-objc-arc"; }; };
		37DCCF33158AF3FC00ED71B1 /* AFJSONUtilities.m in Sources */ = {isa = PBXBuildFile; fileRef = 37DCCF23158AF3FC00ED71B1 /* AFJSONUtilities.m */; settings = {COMPILER_FLAGS = "-fno-objc-arc"; }; };
		37DCCF34158AF3FC00ED71B1 /* AFNetworkActivityIndicatorManager.m in Sources */ = {isa = PBXBuildFile; fileRef = 37DCCF25158AF3FC00ED71B1 /* AFNetworkActivityIndicatorManager.m */; settings = {COMPILER_FLAGS = "-fno-objc-arc"; }; };
		37DCCF35158AF3FC00ED71B1 /* AFPropertyListRequestOperation.m in Sources */ = {isa = PBXBuildFile; fileRef = 37DCCF28158AF3FC00ED71B1 /* AFPropertyListRequestOperation.m */; settings = {COMPILER_FLAGS = "-fno-objc-arc"; }; };
		37DCCF36158AF3FC00ED71B1 /* AFURLConnectionOperation.m in Sources */ = {isa = PBXBuildFile; fileRef = 37DCCF2A158AF3FC00ED71B1 /* AFURLConnectionOperation.m */; settings = {COMPILER_FLAGS = "-fno-objc-arc"; }; };
		37DCCF37158AF3FC00ED71B1 /* AFXMLRequestOperation.m in Sources */ = {isa = PBXBuildFile; fileRef = 37DCCF2C158AF3FC00ED71B1 /* AFXMLRequestOperation.m */; settings = {COMPILER_FLAGS = "-fno-objc-arc"; }; };
		37DCCF38158AF3FC00ED71B1 /* UIImageView+AFNetworking.m in Sources */ = {isa = PBXBuildFile; fileRef = 37DCCF2E158AF3FC00ED71B1 /* UIImageView+AFNetworking.m */; settings = {COMPILER_FLAGS = "-fno-objc-arc"; }; };
		37DCCF3D158AF40900ED71B1 /* NSAttributedString+Attributes.m in Sources */ = {isa = PBXBuildFile; fileRef = 37DCCF3A158AF40900ED71B1 /* NSAttributedString+Attributes.m */; settings = {COMPILER_FLAGS = "-fno-objc-arc"; }; };
		37DCCF3E158AF40900ED71B1 /* OHAttributedLabel.m in Sources */ = {isa = PBXBuildFile; fileRef = 37DCCF3C158AF40900ED71B1 /* OHAttributedLabel.m */; settings = {COMPILER_FLAGS = "-fno-objc-arc"; }; };
		37DCCF45158B854C00ED71B1 /* TTTAttributedLabel.m in Sources */ = {isa = PBXBuildFile; fileRef = 37DCCF44158B854C00ED71B1 /* TTTAttributedLabel.m */; };
		37E3299D1629DF9500A6BC18 /* FMDatabase.m in Sources */ = {isa = PBXBuildFile; fileRef = 37E329931629DF9500A6BC18 /* FMDatabase.m */; };
		37E3299E1629DF9500A6BC18 /* FMDatabaseAdditions.m in Sources */ = {isa = PBXBuildFile; fileRef = 37E329951629DF9500A6BC18 /* FMDatabaseAdditions.m */; };
		37E3299F1629DF9500A6BC18 /* FMDatabasePool.m in Sources */ = {isa = PBXBuildFile; fileRef = 37E329971629DF9500A6BC18 /* FMDatabasePool.m */; };
		37E329A01629DF9500A6BC18 /* FMDatabaseQueue.m in Sources */ = {isa = PBXBuildFile; fileRef = 37E329991629DF9500A6BC18 /* FMDatabaseQueue.m */; };
		37E329A21629DF9500A6BC18 /* FMResultSet.m in Sources */ = {isa = PBXBuildFile; fileRef = 37E3299C1629DF9500A6BC18 /* FMResultSet.m */; };
		37E329ED1629F82D00A6BC18 /* libsqlite3.dylib in Frameworks */ = {isa = PBXBuildFile; fileRef = 37E329EC1629F82D00A6BC18 /* libsqlite3.dylib */; settings = {ATTRIBUTES = (Required, ); }; };
		37FEEB9315745488003F2B77 /* UIKit.framework in Frameworks */ = {isa = PBXBuildFile; fileRef = 37FEEB9215745488003F2B77 /* UIKit.framework */; };
		37FEEB9515745488003F2B77 /* Foundation.framework in Frameworks */ = {isa = PBXBuildFile; fileRef = 37FEEB9415745488003F2B77 /* Foundation.framework */; };
		37FEEB9715745488003F2B77 /* CoreGraphics.framework in Frameworks */ = {isa = PBXBuildFile; fileRef = 37FEEB9615745488003F2B77 /* CoreGraphics.framework */; };
		37FEEB9D15745488003F2B77 /* InfoPlist.strings in Resources */ = {isa = PBXBuildFile; fileRef = 37FEEB9B15745488003F2B77 /* InfoPlist.strings */; };
		37FEEB9F15745488003F2B77 /* main.m in Sources */ = {isa = PBXBuildFile; fileRef = 37FEEB9E15745488003F2B77 /* main.m */; };
		37FEEBA315745488003F2B77 /* AppDelegate.m in Sources */ = {isa = PBXBuildFile; fileRef = 37FEEBA215745488003F2B77 /* AppDelegate.m */; };
		37FEEBD715747E86003F2B77 /* BookmarkViewController.m in Sources */ = {isa = PBXBuildFile; fileRef = 37FEEBD615747E85003F2B77 /* BookmarkViewController.m */; };
		37FEEBDA15748BA2003F2B77 /* navigationbar.png in Resources */ = {isa = PBXBuildFile; fileRef = 37FEEBD815748BA2003F2B77 /* navigationbar.png */; };
		37FEEBDB15748BA2003F2B77 /* navigationbar@2x.png in Resources */ = {isa = PBXBuildFile; fileRef = 37FEEBD915748BA2003F2B77 /* navigationbar@2x.png */; };
/* End PBXBuildFile section */

/* Begin PBXFileReference section */
		37098F3A15EC81D7005D84B1 /* tags.xml */ = {isa = PBXFileReference; fileEncoding = 4; lastKnownFileType = text.xml; path = tags.xml; sourceTree = "<group>"; };
		370ACB5915F01863001A0058 /* 71-compass.png */ = {isa = PBXFileReference; lastKnownFileType = image.png; path = "71-compass.png"; sourceTree = "<group>"; };
		370ACB5A15F01863001A0058 /* 71-compass@2x.png */ = {isa = PBXFileReference; lastKnownFileType = image.png; path = "71-compass@2x.png"; sourceTree = "<group>"; };
		370ACB5F15F044FF001A0058 /* Model.xcdatamodel */ = {isa = PBXFileReference; lastKnownFileType = wrapper.xcdatamodel; path = Model.xcdatamodel; sourceTree = "<group>"; };
		370EE75115ED108300B262E2 /* CoreData.framework */ = {isa = PBXFileReference; lastKnownFileType = wrapper.framework; name = CoreData.framework; path = System/Library/Frameworks/CoreData.framework; sourceTree = SDKROOT; };
		370EE75815ED2A4D00B262E2 /* ASManagedObject.h */ = {isa = PBXFileReference; fileEncoding = 4; lastKnownFileType = sourcecode.c.h; path = ASManagedObject.h; sourceTree = "<group>"; };
		370EE75915ED2A4D00B262E2 /* ASManagedObject.m */ = {isa = PBXFileReference; fileEncoding = 4; lastKnownFileType = sourcecode.c.objc; path = ASManagedObject.m; sourceTree = "<group>"; };
		3715EEC615787CAA00FD21EE /* main.css */ = {isa = PBXFileReference; fileEncoding = 4; lastKnownFileType = text.css; name = main.css; path = Assets/HTML/main.css; sourceTree = "<group>"; };
		371BCAFD15772B4400BDA996 /* BookmarkCell.h */ = {isa = PBXFileReference; fileEncoding = 4; lastKnownFileType = sourcecode.c.h; path = BookmarkCell.h; sourceTree = "<group>"; };
		371BCAFE15772B4400BDA996 /* BookmarkCell.m */ = {isa = PBXFileReference; fileEncoding = 4; lastKnownFileType = sourcecode.c.objc; path = BookmarkCell.m; sourceTree = "<group>"; };
		371BCB0115772C0E00BDA996 /* CoreText.framework */ = {isa = PBXFileReference; lastKnownFileType = wrapper.framework; name = CoreText.framework; path = System/Library/Frameworks/CoreText.framework; sourceTree = SDKROOT; };
		37275580161A626B001A857B /* arrow.png */ = {isa = PBXFileReference; lastKnownFileType = image.png; path = arrow.png; sourceTree = "<group>"; };
		37275581161A626B001A857B /* arrow@2x.png */ = {isa = PBXFileReference; lastKnownFileType = image.png; path = "arrow@2x.png"; sourceTree = "<group>"; };
		37275582161A626B001A857B /* PullToRefreshView.h */ = {isa = PBXFileReference; fileEncoding = 4; lastKnownFileType = sourcecode.c.h; path = PullToRefreshView.h; sourceTree = "<group>"; };
		37275583161A626B001A857B /* PullToRefreshView.m */ = {isa = PBXFileReference; fileEncoding = 4; lastKnownFileType = sourcecode.c.objc; path = PullToRefreshView.m; sourceTree = "<group>"; };
		37275584161A626B001A857B /* README */ = {isa = PBXFileReference; fileEncoding = 4; lastKnownFileType = text; path = README; sourceTree = "<group>"; };
		3727558A161A66A2001A857B /* TagViewController.h */ = {isa = PBXFileReference; fileEncoding = 4; lastKnownFileType = sourcecode.c.h; path = TagViewController.h; sourceTree = "<group>"; };
		3727558B161A66A2001A857B /* TagViewController.m */ = {isa = PBXFileReference; fileEncoding = 4; lastKnownFileType = sourcecode.c.objc; path = TagViewController.m; sourceTree = "<group>"; };
		372E2B3515ABE90B007514D8 /* HomeViewController.h */ = {isa = PBXFileReference; fileEncoding = 4; lastKnownFileType = sourcecode.c.h; path = HomeViewController.h; sourceTree = "<group>"; };
		372E2B3615ABE90B007514D8 /* HomeViewController.m */ = {isa = PBXFileReference; fileEncoding = 4; lastKnownFileType = sourcecode.c.objc; path = HomeViewController.m; sourceTree = "<group>"; };
		37483C5516194575000EE5D1 /* TabBarViewController.h */ = {isa = PBXFileReference; fileEncoding = 4; lastKnownFileType = sourcecode.c.h; path = TabBarViewController.h; sourceTree = "<group>"; };
		37483C5616194575000EE5D1 /* TabBarViewController.m */ = {isa = PBXFileReference; fileEncoding = 4; lastKnownFileType = sourcecode.c.objc; path = TabBarViewController.m; sourceTree = "<group>"; };
		37483C5916194A81000EE5D1 /* Bookmark.h */ = {isa = PBXFileReference; fileEncoding = 4; lastKnownFileType = sourcecode.c.h; path = Bookmark.h; sourceTree = "<group>"; };
		37483C5A16194A82000EE5D1 /* Bookmark.m */ = {isa = PBXFileReference; fileEncoding = 4; lastKnownFileType = sourcecode.c.objc; path = Bookmark.m; sourceTree = "<group>"; };
		37483C5C16194A93000EE5D1 /* Tag.h */ = {isa = PBXFileReference; fileEncoding = 4; lastKnownFileType = sourcecode.c.h; path = Tag.h; sourceTree = "<group>"; };
		37483C5D16194A93000EE5D1 /* Tag.m */ = {isa = PBXFileReference; fileEncoding = 4; lastKnownFileType = sourcecode.c.objc; path = Tag.m; sourceTree = "<group>"; };
		374D3D4F15AB60AE003E1592 /* cog-white.png */ = {isa = PBXFileReference; lastKnownFileType = image.png; path = "cog-white.png"; sourceTree = "<group>"; };
		374D3D5015AB60AE003E1592 /* cog-white@2x.png */ = {isa = PBXFileReference; lastKnownFileType = image.png; path = "cog-white@2x.png"; sourceTree = "<group>"; };
		374D3D5115AB60AE003E1592 /* cog.png */ = {isa = PBXFileReference; lastKnownFileType = image.png; path = cog.png; sourceTree = "<group>"; };
		374D3D5215AB60AE003E1592 /* cog@2x.png */ = {isa = PBXFileReference; lastKnownFileType = image.png; path = "cog@2x.png"; sourceTree = "<group>"; };
		3768DA52161B5F620069161E /* Note.h */ = {isa = PBXFileReference; fileEncoding = 4; lastKnownFileType = sourcecode.c.h; path = Note.h; sourceTree = "<group>"; };
		3768DA53161B5F620069161E /* Note.m */ = {isa = PBXFileReference; fileEncoding = 4; lastKnownFileType = sourcecode.c.objc; path = Note.m; sourceTree = "<group>"; };
		376A4F5C15E5796B00D8E073 /* BookmarkList.h */ = {isa = PBXFileReference; fileEncoding = 4; lastKnownFileType = sourcecode.c.h; path = BookmarkList.h; sourceTree = "<group>"; };
		376A4F5D15E5796B00D8E073 /* BookmarkList.m */ = {isa = PBXFileReference; fileEncoding = 4; lastKnownFileType = sourcecode.c.objc; path = BookmarkList.m; sourceTree = "<group>"; };
		376A4F5E15E5796B00D8E073 /* Pinboard.h */ = {isa = PBXFileReference; fileEncoding = 4; lastKnownFileType = sourcecode.c.h; path = Pinboard.h; sourceTree = "<group>"; };
		376A4F5F15E5796B00D8E073 /* Pinboard.m */ = {isa = PBXFileReference; fileEncoding = 4; lastKnownFileType = sourcecode.c.objc; path = Pinboard.m; sourceTree = "<group>"; };
		3779D08715EC0928009E564A /* icon_bookmark.png */ = {isa = PBXFileReference; lastKnownFileType = image.png; path = icon_bookmark.png; sourceTree = "<group>"; };
		3779D08915EC0982009E564A /* 14-tag.png */ = {isa = PBXFileReference; lastKnownFileType = image.png; path = "14-tag.png"; sourceTree = "<group>"; };
		3779D08B15EC098E009E564A /* 14-tag@2x.png */ = {isa = PBXFileReference; lastKnownFileType = image.png; path = "14-tag@2x.png"; sourceTree = "<group>"; };
		3779D08D15EC09AA009E564A /* 19-gear.png */ = {isa = PBXFileReference; lastKnownFileType = image.png; path = "19-gear.png"; sourceTree = "<group>"; };
		3779D08E15EC09AA009E564A /* 19-gear@2x.png */ = {isa = PBXFileReference; lastKnownFileType = image.png; path = "19-gear@2x.png"; sourceTree = "<group>"; };
		3779D09115EC0A68009E564A /* 106-sliders.png */ = {isa = PBXFileReference; lastKnownFileType = image.png; path = "106-sliders.png"; sourceTree = "<group>"; };
		3779D09215EC0A68009E564A /* 106-sliders@2x.png */ = {isa = PBXFileReference; lastKnownFileType = image.png; path = "106-sliders@2x.png"; sourceTree = "<group>"; };
		3779D09515EC0A8E009E564A /* 58-bookmark.png */ = {isa = PBXFileReference; lastKnownFileType = image.png; path = "58-bookmark.png"; sourceTree = "<group>"; };
		3779D09615EC0A8E009E564A /* 58-bookmark@2x.png */ = {isa = PBXFileReference; lastKnownFileType = image.png; path = "58-bookmark@2x.png"; sourceTree = "<group>"; };
		3779D09915EC0AA9009E564A /* 15-tags.png */ = {isa = PBXFileReference; lastKnownFileType = image.png; path = "15-tags.png"; sourceTree = "<group>"; };
		3779D09A15EC0AA9009E564A /* 15-tags@2x.png */ = {isa = PBXFileReference; lastKnownFileType = image.png; path = "15-tags@2x.png"; sourceTree = "<group>"; };
		3779D09D15EC0B44009E564A /* 10-medical.png */ = {isa = PBXFileReference; lastKnownFileType = image.png; path = "10-medical.png"; sourceTree = "<group>"; };
		3779D09E15EC0B44009E564A /* 10-medical@2x.png */ = {isa = PBXFileReference; lastKnownFileType = image.png; path = "10-medical@2x.png"; sourceTree = "<group>"; };
		3779D0A115EC0BC0009E564A /* 28-star.png */ = {isa = PBXFileReference; lastKnownFileType = image.png; path = "28-star.png"; sourceTree = "<group>"; };
		3779D0A215EC0BC0009E564A /* 28-star@2x.png */ = {isa = PBXFileReference; lastKnownFileType = image.png; path = "28-star@2x.png"; sourceTree = "<group>"; };
		3779D0A515EC0BF2009E564A /* 16-line-chart.png */ = {isa = PBXFileReference; lastKnownFileType = image.png; path = "16-line-chart.png"; sourceTree = "<group>"; };
		3779D0A615EC0BF2009E564A /* 16-line-chart@2x.png */ = {isa = PBXFileReference; lastKnownFileType = image.png; path = "16-line-chart@2x.png"; sourceTree = "<group>"; };
		3779D0A915EC0C25009E564A /* 44-shoebox.png */ = {isa = PBXFileReference; lastKnownFileType = image.png; path = "44-shoebox.png"; sourceTree = "<group>"; };
		3779D0AA15EC0C25009E564A /* 44-shoebox@2x.png */ = {isa = PBXFileReference; lastKnownFileType = image.png; path = "44-shoebox@2x.png"; sourceTree = "<group>"; };
		3779D0AD15EC0C59009E564A /* 33-cabinet.png */ = {isa = PBXFileReference; lastKnownFileType = image.png; path = "33-cabinet.png"; sourceTree = "<group>"; };
		3779D0AE15EC0C59009E564A /* 33-cabinet@2x.png */ = {isa = PBXFileReference; lastKnownFileType = image.png; path = "33-cabinet@2x.png"; sourceTree = "<group>"; };
		3779D0B115EC0C83009E564A /* 104-index-cards.png */ = {isa = PBXFileReference; lastKnownFileType = image.png; path = "104-index-cards.png"; sourceTree = "<group>"; };
		3779D0B215EC0C83009E564A /* 104-index-cards@2x.png */ = {isa = PBXFileReference; lastKnownFileType = image.png; path = "104-index-cards@2x.png"; sourceTree = "<group>"; };
		3779D0B515EC0DA8009E564A /* 112-group.png */ = {isa = PBXFileReference; lastKnownFileType = image.png; path = "112-group.png"; sourceTree = "<group>"; };
		3779D0B615EC0DA8009E564A /* 112-group@2x.png */ = {isa = PBXFileReference; lastKnownFileType = image.png; path = "112-group@2x.png"; sourceTree = "<group>"; };
		37800E3F162B2EDA009FCB17 /* SettingsViewController.h */ = {isa = PBXFileReference; fileEncoding = 4; lastKnownFileType = sourcecode.c.h; path = SettingsViewController.h; sourceTree = "<group>"; };
		37800E40162B2EDA009FCB17 /* SettingsViewController.m */ = {isa = PBXFileReference; fileEncoding = 4; lastKnownFileType = sourcecode.c.objc; path = SettingsViewController.m; sourceTree = "<group>"; };
		37800E43162B389B009FCB17 /* AddBookmarkViewController.h */ = {isa = PBXFileReference; fileEncoding = 4; lastKnownFileType = sourcecode.c.h; path = AddBookmarkViewController.h; sourceTree = "<group>"; };
		37800E44162B389B009FCB17 /* AddBookmarkViewController.m */ = {isa = PBXFileReference; fileEncoding = 4; lastKnownFileType = sourcecode.c.objc; path = AddBookmarkViewController.m; sourceTree = "<group>"; };
		37800E4A162C844A009FCB17 /* about.html */ = {isa = PBXFileReference; fileEncoding = 4; lastKnownFileType = text.html; path = about.html; sourceTree = "<group>"; };
		37800E6F162CF1A2009FCB17 /* Reachability.h */ = {isa = PBXFileReference; fileEncoding = 4; lastKnownFileType = sourcecode.c.h; path = Reachability.h; sourceTree = "<group>"; };
		37800E70162CF1A2009FCB17 /* Reachability.m */ = {isa = PBXFileReference; fileEncoding = 4; lastKnownFileType = sourcecode.c.objc; path = Reachability.m; sourceTree = "<group>"; };
		37800E71162CF1A2009FCB17 /* Reachability.podspec */ = {isa = PBXFileReference; fileEncoding = 4; lastKnownFileType = text; path = Reachability.podspec; sourceTree = "<group>"; };
		37800E72162CF1A2009FCB17 /* README.md */ = {isa = PBXFileReference; fileEncoding = 4; lastKnownFileType = text; path = README.md; sourceTree = "<group>"; };
		37800E99162D5264009FCB17 /* SystemConfiguration.framework */ = {isa = PBXFileReference; lastKnownFileType = wrapper.framework; name = SystemConfiguration.framework; path = System/Library/Frameworks/SystemConfiguration.framework; sourceTree = SDKROOT; };
		3786465E15773E6700A1D5F8 /* Bookmark.mustache */ = {isa = PBXFileReference; fileEncoding = 4; lastKnownFileType = text; name = Bookmark.mustache; path = Assets/Templates/Bookmark.mustache; sourceTree = "<group>"; };
		3786466015773FDE00A1D5F8 /* libGRMustache4-iOS.a */ = {isa = PBXFileReference; lastKnownFileType = archive.ar; name = "libGRMustache4-iOS.a"; path = "Frameworks/GRMustache/lib/libGRMustache4-iOS.a"; sourceTree = "<group>"; };
		3786466215773FF500A1D5F8 /* GRMustache.h */ = {isa = PBXFileReference; fileEncoding = 4; lastKnownFileType = sourcecode.c.h; name = GRMustache.h; path = Frameworks/GRMustache/include/GRMustache.h; sourceTree = "<group>"; };
		3787002A15B49B17008A477A /* Icon.png */ = {isa = PBXFileReference; lastKnownFileType = image.png; path = Icon.png; sourceTree = "<group>"; };
		3787002C15B49B23008A477A /* Icon@2x.png */ = {isa = PBXFileReference; lastKnownFileType = image.png; path = "Icon@2x.png"; sourceTree = "<group>"; };
		3787FFE515B49989008A477A /* Icon-settings.png */ = {isa = PBXFileReference; lastKnownFileType = image.png; name = "Icon-settings.png"; path = "Assets/Icon-settings.png"; sourceTree = "<group>"; };
		3787FFE615B49989008A477A /* Icon-settings@2x.png */ = {isa = PBXFileReference; lastKnownFileType = image.png; name = "Icon-settings@2x.png"; path = "Assets/Icon-settings@2x.png"; sourceTree = "<group>"; };
		3787FFE715B49989008A477A /* Icon.png */ = {isa = PBXFileReference; lastKnownFileType = image.png; name = Icon.png; path = Assets/Icon.png; sourceTree = "<group>"; };
		3787FFE815B49989008A477A /* Icon@2x.png */ = {isa = PBXFileReference; lastKnownFileType = image.png; name = "Icon@2x.png"; path = "Assets/Icon@2x.png"; sourceTree = "<group>"; };
		3787FFE915B49989008A477A /* iTunesArtwork.png */ = {isa = PBXFileReference; lastKnownFileType = image.png; name = iTunesArtwork.png; path = Assets/iTunesArtwork.png; sourceTree = "<group>"; };
		3787FFEA15B49989008A477A /* iTunesArtwork@2x.png */ = {isa = PBXFileReference; lastKnownFileType = image.png; name = "iTunesArtwork@2x.png"; path = "Assets/iTunesArtwork@2x.png"; sourceTree = "<group>"; };
		37919F1C16091DF5007708EF /* LoginViewController.h */ = {isa = PBXFileReference; fileEncoding = 4; lastKnownFileType = sourcecode.c.h; path = LoginViewController.h; sourceTree = "<group>"; };
		37919F1D16091DF5007708EF /* LoginViewController.m */ = {isa = PBXFileReference; fileEncoding = 4; lastKnownFileType = sourcecode.c.objc; path = LoginViewController.m; sourceTree = "<group>"; };
		37919F1F16092198007708EF /* QuartzCore.framework */ = {isa = PBXFileReference; lastKnownFileType = wrapper.framework; name = QuartzCore.framework; path = System/Library/Frameworks/QuartzCore.framework; sourceTree = SDKROOT; };
		37919F2916092492007708EF /* pin.png */ = {isa = PBXFileReference; lastKnownFileType = image.png; name = pin.png; path = Assets/pin.png; sourceTree = "<group>"; };
		37919F2A16092492007708EF /* pin@2x.png */ = {isa = PBXFileReference; lastKnownFileType = image.png; name = "pin@2x.png"; path = "Assets/pin@2x.png"; sourceTree = "<group>"; };
		37A25A2015FC42B5009716BB /* NoteViewController.h */ = {isa = PBXFileReference; fileEncoding = 4; lastKnownFileType = sourcecode.c.h; path = NoteViewController.h; sourceTree = "<group>"; };
		37A25A2115FC42B5009716BB /* NoteViewController.m */ = {isa = PBXFileReference; fileEncoding = 4; lastKnownFileType = sourcecode.c.objc; path = NoteViewController.m; sourceTree = "<group>"; };
		37AFB01015AB7CCA00900254 /* recent.xml */ = {isa = PBXFileReference; fileEncoding = 4; lastKnownFileType = text.xml; path = recent.xml; sourceTree = "<group>"; };
		37DCCF1A158AF3FC00ED71B1 /* AFHTTPClient.h */ = {isa = PBXFileReference; fileEncoding = 4; lastKnownFileType = sourcecode.c.h; path = AFHTTPClient.h; sourceTree = "<group>"; };
		37DCCF1B158AF3FC00ED71B1 /* AFHTTPClient.m */ = {isa = PBXFileReference; fileEncoding = 4; lastKnownFileType = sourcecode.c.objc; path = AFHTTPClient.m; sourceTree = "<group>"; };
		37DCCF1C158AF3FC00ED71B1 /* AFHTTPRequestOperation.h */ = {isa = PBXFileReference; fileEncoding = 4; lastKnownFileType = sourcecode.c.h; path = AFHTTPRequestOperation.h; sourceTree = "<group>"; };
		37DCCF1D158AF3FC00ED71B1 /* AFHTTPRequestOperation.m */ = {isa = PBXFileReference; fileEncoding = 4; lastKnownFileType = sourcecode.c.objc; path = AFHTTPRequestOperation.m; sourceTree = "<group>"; };
		37DCCF1E158AF3FC00ED71B1 /* AFImageRequestOperation.h */ = {isa = PBXFileReference; fileEncoding = 4; lastKnownFileType = sourcecode.c.h; path = AFImageRequestOperation.h; sourceTree = "<group>"; };
		37DCCF1F158AF3FC00ED71B1 /* AFImageRequestOperation.m */ = {isa = PBXFileReference; fileEncoding = 4; lastKnownFileType = sourcecode.c.objc; path = AFImageRequestOperation.m; sourceTree = "<group>"; };
		37DCCF20158AF3FC00ED71B1 /* AFJSONRequestOperation.h */ = {isa = PBXFileReference; fileEncoding = 4; lastKnownFileType = sourcecode.c.h; path = AFJSONRequestOperation.h; sourceTree = "<group>"; };
		37DCCF21158AF3FC00ED71B1 /* AFJSONRequestOperation.m */ = {isa = PBXFileReference; fileEncoding = 4; lastKnownFileType = sourcecode.c.objc; path = AFJSONRequestOperation.m; sourceTree = "<group>"; };
		37DCCF22158AF3FC00ED71B1 /* AFJSONUtilities.h */ = {isa = PBXFileReference; fileEncoding = 4; lastKnownFileType = sourcecode.c.h; path = AFJSONUtilities.h; sourceTree = "<group>"; };
		37DCCF23158AF3FC00ED71B1 /* AFJSONUtilities.m */ = {isa = PBXFileReference; fileEncoding = 4; lastKnownFileType = sourcecode.c.objc; path = AFJSONUtilities.m; sourceTree = "<group>"; };
		37DCCF24158AF3FC00ED71B1 /* AFNetworkActivityIndicatorManager.h */ = {isa = PBXFileReference; fileEncoding = 4; lastKnownFileType = sourcecode.c.h; path = AFNetworkActivityIndicatorManager.h; sourceTree = "<group>"; };
		37DCCF25158AF3FC00ED71B1 /* AFNetworkActivityIndicatorManager.m */ = {isa = PBXFileReference; fileEncoding = 4; lastKnownFileType = sourcecode.c.objc; path = AFNetworkActivityIndicatorManager.m; sourceTree = "<group>"; };
		37DCCF26158AF3FC00ED71B1 /* AFNetworking.h */ = {isa = PBXFileReference; fileEncoding = 4; lastKnownFileType = sourcecode.c.h; path = AFNetworking.h; sourceTree = "<group>"; };
		37DCCF27158AF3FC00ED71B1 /* AFPropertyListRequestOperation.h */ = {isa = PBXFileReference; fileEncoding = 4; lastKnownFileType = sourcecode.c.h; path = AFPropertyListRequestOperation.h; sourceTree = "<group>"; };
		37DCCF28158AF3FC00ED71B1 /* AFPropertyListRequestOperation.m */ = {isa = PBXFileReference; fileEncoding = 4; lastKnownFileType = sourcecode.c.objc; path = AFPropertyListRequestOperation.m; sourceTree = "<group>"; };
		37DCCF29158AF3FC00ED71B1 /* AFURLConnectionOperation.h */ = {isa = PBXFileReference; fileEncoding = 4; lastKnownFileType = sourcecode.c.h; path = AFURLConnectionOperation.h; sourceTree = "<group>"; };
		37DCCF2A158AF3FC00ED71B1 /* AFURLConnectionOperation.m */ = {isa = PBXFileReference; fileEncoding = 4; lastKnownFileType = sourcecode.c.objc; path = AFURLConnectionOperation.m; sourceTree = "<group>"; };
		37DCCF2B158AF3FC00ED71B1 /* AFXMLRequestOperation.h */ = {isa = PBXFileReference; fileEncoding = 4; lastKnownFileType = sourcecode.c.h; path = AFXMLRequestOperation.h; sourceTree = "<group>"; };
		37DCCF2C158AF3FC00ED71B1 /* AFXMLRequestOperation.m */ = {isa = PBXFileReference; fileEncoding = 4; lastKnownFileType = sourcecode.c.objc; path = AFXMLRequestOperation.m; sourceTree = "<group>"; };
		37DCCF2D158AF3FC00ED71B1 /* UIImageView+AFNetworking.h */ = {isa = PBXFileReference; fileEncoding = 4; lastKnownFileType = sourcecode.c.h; path = "UIImageView+AFNetworking.h"; sourceTree = "<group>"; };
		37DCCF2E158AF3FC00ED71B1 /* UIImageView+AFNetworking.m */ = {isa = PBXFileReference; fileEncoding = 4; lastKnownFileType = sourcecode.c.objc; path = "UIImageView+AFNetworking.m"; sourceTree = "<group>"; };
		37DCCF39158AF40900ED71B1 /* NSAttributedString+Attributes.h */ = {isa = PBXFileReference; fileEncoding = 4; lastKnownFileType = sourcecode.c.h; name = "NSAttributedString+Attributes.h"; path = "Vendor/NSAttributedString+Attributes.h"; sourceTree = "<group>"; };
		37DCCF3A158AF40900ED71B1 /* NSAttributedString+Attributes.m */ = {isa = PBXFileReference; fileEncoding = 4; lastKnownFileType = sourcecode.c.objc; name = "NSAttributedString+Attributes.m"; path = "Vendor/NSAttributedString+Attributes.m"; sourceTree = "<group>"; };
		37DCCF3B158AF40900ED71B1 /* OHAttributedLabel.h */ = {isa = PBXFileReference; fileEncoding = 4; lastKnownFileType = sourcecode.c.h; name = OHAttributedLabel.h; path = Vendor/OHAttributedLabel.h; sourceTree = "<group>"; };
		37DCCF3C158AF40900ED71B1 /* OHAttributedLabel.m */ = {isa = PBXFileReference; fileEncoding = 4; lastKnownFileType = sourcecode.c.objc; name = OHAttributedLabel.m; path = Vendor/OHAttributedLabel.m; sourceTree = "<group>"; };
		37DCCF43158B854C00ED71B1 /* TTTAttributedLabel.h */ = {isa = PBXFileReference; fileEncoding = 4; lastKnownFileType = sourcecode.c.h; path = TTTAttributedLabel.h; sourceTree = "<group>"; };
		37DCCF44158B854C00ED71B1 /* TTTAttributedLabel.m */ = {isa = PBXFileReference; fileEncoding = 4; lastKnownFileType = sourcecode.c.objc; path = TTTAttributedLabel.m; sourceTree = "<group>"; };
		37E329921629DF9500A6BC18 /* FMDatabase.h */ = {isa = PBXFileReference; fileEncoding = 4; lastKnownFileType = sourcecode.c.h; path = FMDatabase.h; sourceTree = "<group>"; };
		37E329931629DF9500A6BC18 /* FMDatabase.m */ = {isa = PBXFileReference; fileEncoding = 4; lastKnownFileType = sourcecode.c.objc; path = FMDatabase.m; sourceTree = "<group>"; };
		37E329941629DF9500A6BC18 /* FMDatabaseAdditions.h */ = {isa = PBXFileReference; fileEncoding = 4; lastKnownFileType = sourcecode.c.h; path = FMDatabaseAdditions.h; sourceTree = "<group>"; };
		37E329951629DF9500A6BC18 /* FMDatabaseAdditions.m */ = {isa = PBXFileReference; fileEncoding = 4; lastKnownFileType = sourcecode.c.objc; path = FMDatabaseAdditions.m; sourceTree = "<group>"; };
		37E329961629DF9500A6BC18 /* FMDatabasePool.h */ = {isa = PBXFileReference; fileEncoding = 4; lastKnownFileType = sourcecode.c.h; path = FMDatabasePool.h; sourceTree = "<group>"; };
		37E329971629DF9500A6BC18 /* FMDatabasePool.m */ = {isa = PBXFileReference; fileEncoding = 4; lastKnownFileType = sourcecode.c.objc; path = FMDatabasePool.m; sourceTree = "<group>"; };
		37E329981629DF9500A6BC18 /* FMDatabaseQueue.h */ = {isa = PBXFileReference; fileEncoding = 4; lastKnownFileType = sourcecode.c.h; path = FMDatabaseQueue.h; sourceTree = "<group>"; };
		37E329991629DF9500A6BC18 /* FMDatabaseQueue.m */ = {isa = PBXFileReference; fileEncoding = 4; lastKnownFileType = sourcecode.c.objc; path = FMDatabaseQueue.m; sourceTree = "<group>"; };
		37E3299A1629DF9500A6BC18 /* fmdb.m */ = {isa = PBXFileReference; fileEncoding = 4; lastKnownFileType = sourcecode.c.objc; path = fmdb.m; sourceTree = "<group>"; };
		37E3299B1629DF9500A6BC18 /* FMResultSet.h */ = {isa = PBXFileReference; fileEncoding = 4; lastKnownFileType = sourcecode.c.h; path = FMResultSet.h; sourceTree = "<group>"; };
		37E3299C1629DF9500A6BC18 /* FMResultSet.m */ = {isa = PBXFileReference; fileEncoding = 4; lastKnownFileType = sourcecode.c.objc; path = FMResultSet.m; sourceTree = "<group>"; };
		37E329A71629EDE600A6BC18 /* shell.c */ = {isa = PBXFileReference; fileEncoding = 4; lastKnownFileType = sourcecode.c.c; name = shell.c; path = ../Vendor/sqlite/shell.c; sourceTree = "<group>"; };
		37E329A81629EDE600A6BC18 /* sqlite3.c */ = {isa = PBXFileReference; fileEncoding = 4; lastKnownFileType = sourcecode.c.c; name = sqlite3.c; path = ../Vendor/sqlite/sqlite3.c; sourceTree = "<group>"; };
		37E329A91629EDE600A6BC18 /* sqlite3.h */ = {isa = PBXFileReference; fileEncoding = 4; lastKnownFileType = sourcecode.c.h; name = sqlite3.h; path = ../Vendor/sqlite/sqlite3.h; sourceTree = "<group>"; };
		37E329AA1629EDE600A6BC18 /* sqlite3ext.h */ = {isa = PBXFileReference; fileEncoding = 4; lastKnownFileType = sourcecode.c.h; name = sqlite3ext.h; path = ../Vendor/sqlite/sqlite3ext.h; sourceTree = "<group>"; };
		37E329DF1629F0D100A6BC18 /* SQLite-Prefix.pch */ = {isa = PBXFileReference; lastKnownFileType = sourcecode.c.h; path = "SQLite-Prefix.pch"; sourceTree = "<group>"; };
		37E329EC1629F82D00A6BC18 /* libsqlite3.dylib */ = {isa = PBXFileReference; lastKnownFileType = "compiled.mach-o.dylib"; name = libsqlite3.dylib; path = usr/lib/libsqlite3.dylib; sourceTree = SDKROOT; };
		37FEEB8E15745488003F2B77 /* Pinboard.app */ = {isa = PBXFileReference; explicitFileType = wrapper.application; includeInIndex = 0; path = Pinboard.app; sourceTree = BUILT_PRODUCTS_DIR; };
		37FEEB9215745488003F2B77 /* UIKit.framework */ = {isa = PBXFileReference; lastKnownFileType = wrapper.framework; name = UIKit.framework; path = System/Library/Frameworks/UIKit.framework; sourceTree = SDKROOT; };
		37FEEB9415745488003F2B77 /* Foundation.framework */ = {isa = PBXFileReference; lastKnownFileType = wrapper.framework; name = Foundation.framework; path = System/Library/Frameworks/Foundation.framework; sourceTree = SDKROOT; };
		37FEEB9615745488003F2B77 /* CoreGraphics.framework */ = {isa = PBXFileReference; lastKnownFileType = wrapper.framework; name = CoreGraphics.framework; path = System/Library/Frameworks/CoreGraphics.framework; sourceTree = SDKROOT; };
		37FEEB9A15745488003F2B77 /* Pinboard for iPhone-Info.plist */ = {isa = PBXFileReference; lastKnownFileType = text.plist.xml; path = "Pinboard for iPhone-Info.plist"; sourceTree = "<group>"; };
		37FEEB9C15745488003F2B77 /* en */ = {isa = PBXFileReference; lastKnownFileType = text.plist.strings; name = en; path = en.lproj/InfoPlist.strings; sourceTree = "<group>"; };
		37FEEB9E15745488003F2B77 /* main.m */ = {isa = PBXFileReference; lastKnownFileType = sourcecode.c.objc; path = main.m; sourceTree = "<group>"; };
		37FEEBA015745488003F2B77 /* Pinboard for iPhone-Prefix.pch */ = {isa = PBXFileReference; lastKnownFileType = sourcecode.c.h; path = "Pinboard for iPhone-Prefix.pch"; sourceTree = "<group>"; };
		37FEEBA115745488003F2B77 /* AppDelegate.h */ = {isa = PBXFileReference; lastKnownFileType = sourcecode.c.h; path = AppDelegate.h; sourceTree = "<group>"; };
		37FEEBA215745488003F2B77 /* AppDelegate.m */ = {isa = PBXFileReference; lastKnownFileType = sourcecode.c.objc; path = AppDelegate.m; sourceTree = "<group>"; };
		37FEEBD515747E85003F2B77 /* BookmarkViewController.h */ = {isa = PBXFileReference; fileEncoding = 4; lastKnownFileType = sourcecode.c.h; path = BookmarkViewController.h; sourceTree = "<group>"; };
		37FEEBD615747E85003F2B77 /* BookmarkViewController.m */ = {isa = PBXFileReference; fileEncoding = 4; lastKnownFileType = sourcecode.c.objc; path = BookmarkViewController.m; sourceTree = "<group>"; };
		37FEEBD815748BA2003F2B77 /* navigationbar.png */ = {isa = PBXFileReference; lastKnownFileType = image.png; name = navigationbar.png; path = Assets/navigationbar.png; sourceTree = "<group>"; };
		37FEEBD915748BA2003F2B77 /* navigationbar@2x.png */ = {isa = PBXFileReference; lastKnownFileType = image.png; name = "navigationbar@2x.png"; path = "Assets/navigationbar@2x.png"; sourceTree = "<group>"; };
/* End PBXFileReference section */

/* Begin PBXFrameworksBuildPhase section */
		37FEEB8B15745488003F2B77 /* Frameworks */ = {
			isa = PBXFrameworksBuildPhase;
			buildActionMask = 2147483647;
			files = (
				37E329ED1629F82D00A6BC18 /* libsqlite3.dylib in Frameworks */,
				37919F2016092198007708EF /* QuartzCore.framework in Frameworks */,
				370EE75215ED108300B262E2 /* CoreData.framework in Frameworks */,
				371BCB0215772C0E00BDA996 /* CoreText.framework in Frameworks */,
				37FEEB9315745488003F2B77 /* UIKit.framework in Frameworks */,
				37800E9A162D5264009FCB17 /* SystemConfiguration.framework in Frameworks */,
				37FEEB9515745488003F2B77 /* Foundation.framework in Frameworks */,
				37FEEB9715745488003F2B77 /* CoreGraphics.framework in Frameworks */,
			);
			runOnlyForDeploymentPostprocessing = 0;
		};
/* End PBXFrameworksBuildPhase section */

/* Begin PBXGroup section */
		37076D41158AD0B1002566CD /* Vendor */ = {
			isa = PBXGroup;
			children = (
				37800E4D162CF1A2009FCB17 /* reachability */,
				37E329DD1629F0D100A6BC18 /* SQLite */,
				37E329911629DF9500A6BC18 /* fmdb */,
				3727557F161A626B001A857B /* PullToRefresh */,
				37DCCF19158AF3FC00ED71B1 /* AFNetworking */,
				37DCCF39158AF40900ED71B1 /* NSAttributedString+Attributes.h */,
				37DCCF3A158AF40900ED71B1 /* NSAttributedString+Attributes.m */,
				37DCCF3B158AF40900ED71B1 /* OHAttributedLabel.h */,
				37DCCF3C158AF40900ED71B1 /* OHAttributedLabel.m */,
				37DCCF43158B854C00ED71B1 /* TTTAttributedLabel.h */,
				37DCCF44158B854C00ED71B1 /* TTTAttributedLabel.m */,
				376A4F5C15E5796B00D8E073 /* BookmarkList.h */,
				376A4F5D15E5796B00D8E073 /* BookmarkList.m */,
				376A4F5E15E5796B00D8E073 /* Pinboard.h */,
				376A4F5F15E5796B00D8E073 /* Pinboard.m */,
			);
			name = Vendor;
			sourceTree = "<group>";
		};
		370EE75715ED23F300B262E2 /* Icons */ = {
			isa = PBXGroup;
			children = (
				370ACB5915F01863001A0058 /* 71-compass.png */,
				370ACB5A15F01863001A0058 /* 71-compass@2x.png */,
				3779D0B515EC0DA8009E564A /* 112-group.png */,
				3779D0B615EC0DA8009E564A /* 112-group@2x.png */,
				3779D0B115EC0C83009E564A /* 104-index-cards.png */,
				3779D0B215EC0C83009E564A /* 104-index-cards@2x.png */,
				3779D0AD15EC0C59009E564A /* 33-cabinet.png */,
				3779D0AE15EC0C59009E564A /* 33-cabinet@2x.png */,
				3779D0A915EC0C25009E564A /* 44-shoebox.png */,
				3779D0AA15EC0C25009E564A /* 44-shoebox@2x.png */,
				3779D0A515EC0BF2009E564A /* 16-line-chart.png */,
				3779D0A615EC0BF2009E564A /* 16-line-chart@2x.png */,
				3779D0A115EC0BC0009E564A /* 28-star.png */,
				3779D0A215EC0BC0009E564A /* 28-star@2x.png */,
				3779D09D15EC0B44009E564A /* 10-medical.png */,
				3779D09E15EC0B44009E564A /* 10-medical@2x.png */,
				3779D09915EC0AA9009E564A /* 15-tags.png */,
				3779D09A15EC0AA9009E564A /* 15-tags@2x.png */,
				3779D09515EC0A8E009E564A /* 58-bookmark.png */,
				3779D09615EC0A8E009E564A /* 58-bookmark@2x.png */,
				3779D09115EC0A68009E564A /* 106-sliders.png */,
				3779D09215EC0A68009E564A /* 106-sliders@2x.png */,
				3779D08D15EC09AA009E564A /* 19-gear.png */,
				3779D08E15EC09AA009E564A /* 19-gear@2x.png */,
				3779D08915EC0982009E564A /* 14-tag.png */,
				3779D08B15EC098E009E564A /* 14-tag@2x.png */,
			);
			name = Icons;
			sourceTree = "<group>";
		};
		3715EEC415787CA100FD21EE /* Stylesheets */ = {
			isa = PBXGroup;
			children = (
				3715EEC615787CAA00FD21EE /* main.css */,
			);
			name = Stylesheets;
			sourceTree = "<group>";
		};
		3727557F161A626B001A857B /* PullToRefresh */ = {
			isa = PBXGroup;
			children = (
				37275580161A626B001A857B /* arrow.png */,
				37275581161A626B001A857B /* arrow@2x.png */,
				37275582161A626B001A857B /* PullToRefreshView.h */,
				37275583161A626B001A857B /* PullToRefreshView.m */,
				37275584161A626B001A857B /* README */,
			);
			name = PullToRefresh;
			path = Vendor/PullToRefresh;
			sourceTree = "<group>";
		};
		37800E4D162CF1A2009FCB17 /* reachability */ = {
			isa = PBXGroup;
			children = (
				37800E6F162CF1A2009FCB17 /* Reachability.h */,
				37800E70162CF1A2009FCB17 /* Reachability.m */,
				37800E71162CF1A2009FCB17 /* Reachability.podspec */,
				37800E72162CF1A2009FCB17 /* README.md */,
			);
			name = reachability;
			path = Vendor/reachability;
			sourceTree = "<group>";
		};
		3786465C15773E4300A1D5F8 /* Templates */ = {
			isa = PBXGroup;
			children = (
				3786465E15773E6700A1D5F8 /* Bookmark.mustache */,
			);
			name = Templates;
			sourceTree = "<group>";
		};
		37DCCF19158AF3FC00ED71B1 /* AFNetworking */ = {
			isa = PBXGroup;
			children = (
				37DCCF1A158AF3FC00ED71B1 /* AFHTTPClient.h */,
				37DCCF1B158AF3FC00ED71B1 /* AFHTTPClient.m */,
				37DCCF1C158AF3FC00ED71B1 /* AFHTTPRequestOperation.h */,
				37DCCF1D158AF3FC00ED71B1 /* AFHTTPRequestOperation.m */,
				37DCCF1E158AF3FC00ED71B1 /* AFImageRequestOperation.h */,
				37DCCF1F158AF3FC00ED71B1 /* AFImageRequestOperation.m */,
				37DCCF20158AF3FC00ED71B1 /* AFJSONRequestOperation.h */,
				37DCCF21158AF3FC00ED71B1 /* AFJSONRequestOperation.m */,
				37DCCF22158AF3FC00ED71B1 /* AFJSONUtilities.h */,
				37DCCF23158AF3FC00ED71B1 /* AFJSONUtilities.m */,
				37DCCF24158AF3FC00ED71B1 /* AFNetworkActivityIndicatorManager.h */,
				37DCCF25158AF3FC00ED71B1 /* AFNetworkActivityIndicatorManager.m */,
				37DCCF26158AF3FC00ED71B1 /* AFNetworking.h */,
				37DCCF27158AF3FC00ED71B1 /* AFPropertyListRequestOperation.h */,
				37DCCF28158AF3FC00ED71B1 /* AFPropertyListRequestOperation.m */,
				37DCCF29158AF3FC00ED71B1 /* AFURLConnectionOperation.h */,
				37DCCF2A158AF3FC00ED71B1 /* AFURLConnectionOperation.m */,
				37DCCF2B158AF3FC00ED71B1 /* AFXMLRequestOperation.h */,
				37DCCF2C158AF3FC00ED71B1 /* AFXMLRequestOperation.m */,
				37DCCF2D158AF3FC00ED71B1 /* UIImageView+AFNetworking.h */,
				37DCCF2E158AF3FC00ED71B1 /* UIImageView+AFNetworking.m */,
			);
			name = AFNetworking;
			path = Vendor/AFNetworking;
			sourceTree = "<group>";
		};
		37E329911629DF9500A6BC18 /* fmdb */ = {
			isa = PBXGroup;
			children = (
				37E329921629DF9500A6BC18 /* FMDatabase.h */,
				37E329931629DF9500A6BC18 /* FMDatabase.m */,
				37E329941629DF9500A6BC18 /* FMDatabaseAdditions.h */,
				37E329951629DF9500A6BC18 /* FMDatabaseAdditions.m */,
				37E329961629DF9500A6BC18 /* FMDatabasePool.h */,
				37E329971629DF9500A6BC18 /* FMDatabasePool.m */,
				37E329981629DF9500A6BC18 /* FMDatabaseQueue.h */,
				37E329991629DF9500A6BC18 /* FMDatabaseQueue.m */,
				37E3299A1629DF9500A6BC18 /* fmdb.m */,
				37E3299B1629DF9500A6BC18 /* FMResultSet.h */,
				37E3299C1629DF9500A6BC18 /* FMResultSet.m */,
			);
			name = fmdb;
			path = Vendor/fmdb;
			sourceTree = "<group>";
		};
		37E329DD1629F0D100A6BC18 /* SQLite */ = {
			isa = PBXGroup;
			children = (
				37E329A71629EDE600A6BC18 /* shell.c */,
				37E329A81629EDE600A6BC18 /* sqlite3.c */,
				37E329A91629EDE600A6BC18 /* sqlite3.h */,
				37E329AA1629EDE600A6BC18 /* sqlite3ext.h */,
				37E329DE1629F0D100A6BC18 /* Supporting Files */,
			);
			path = SQLite;
			sourceTree = "<group>";
		};
		37E329DE1629F0D100A6BC18 /* Supporting Files */ = {
			isa = PBXGroup;
			children = (
				37E329DF1629F0D100A6BC18 /* SQLite-Prefix.pch */,
			);
			name = "Supporting Files";
			sourceTree = "<group>";
		};
		37FEEB8315745488003F2B77 = {
			isa = PBXGroup;
			children = (
				3787002C15B49B23008A477A /* Icon@2x.png */,
				3787002A15B49B17008A477A /* Icon.png */,
				37FEEB9815745488003F2B77 /* Pinboard for iPhone */,
				37FEEB9115745488003F2B77 /* Frameworks */,
				37FEEB8F15745488003F2B77 /* Products */,
				37FEEBDC15748BA7003F2B77 /* Assets */,
				37076D41158AD0B1002566CD /* Vendor */,
			);
			sourceTree = "<group>";
		};
		37FEEB8F15745488003F2B77 /* Products */ = {
			isa = PBXGroup;
			children = (
				37FEEB8E15745488003F2B77 /* Pinboard.app */,
			);
			name = Products;
			sourceTree = "<group>";
		};
		37FEEB9115745488003F2B77 /* Frameworks */ = {
			isa = PBXGroup;
			children = (
				37800E99162D5264009FCB17 /* SystemConfiguration.framework */,
				37E329EC1629F82D00A6BC18 /* libsqlite3.dylib */,
				3786466015773FDE00A1D5F8 /* libGRMustache4-iOS.a */,
				3786466215773FF500A1D5F8 /* GRMustache.h */,
				37919F1F16092198007708EF /* QuartzCore.framework */,
				370EE75115ED108300B262E2 /* CoreData.framework */,
				371BCB0115772C0E00BDA996 /* CoreText.framework */,
				37FEEB9215745488003F2B77 /* UIKit.framework */,
				37FEEB9415745488003F2B77 /* Foundation.framework */,
				37FEEB9615745488003F2B77 /* CoreGraphics.framework */,
			);
			name = Frameworks;
			sourceTree = "<group>";
		};
		37FEEB9815745488003F2B77 /* Pinboard for iPhone */ = {
			isa = PBXGroup;
			children = (
				370ACB5E15F044FF001A0058 /* Model.xcdatamodeld */,
				3768DA52161B5F620069161E /* Note.h */,
				3768DA53161B5F620069161E /* Note.m */,
				37483C5C16194A93000EE5D1 /* Tag.h */,
				37483C5D16194A93000EE5D1 /* Tag.m */,
				37483C5916194A81000EE5D1 /* Bookmark.h */,
				37483C5A16194A82000EE5D1 /* Bookmark.m */,
				370EE75815ED2A4D00B262E2 /* ASManagedObject.h */,
				370EE75915ED2A4D00B262E2 /* ASManagedObject.m */,
				37FEEBA115745488003F2B77 /* AppDelegate.h */,
				37FEEBA215745488003F2B77 /* AppDelegate.m */,
				37FEEBD515747E85003F2B77 /* BookmarkViewController.h */,
				37FEEBD615747E85003F2B77 /* BookmarkViewController.m */,
				3727558A161A66A2001A857B /* TagViewController.h */,
				3727558B161A66A2001A857B /* TagViewController.m */,
				37800E43162B389B009FCB17 /* AddBookmarkViewController.h */,
				37800E44162B389B009FCB17 /* AddBookmarkViewController.m */,
				37A25A2015FC42B5009716BB /* NoteViewController.h */,
				37A25A2115FC42B5009716BB /* NoteViewController.m */,
				371BCAFD15772B4400BDA996 /* BookmarkCell.h */,
				371BCAFE15772B4400BDA996 /* BookmarkCell.m */,
				372E2B3515ABE90B007514D8 /* HomeViewController.h */,
				372E2B3615ABE90B007514D8 /* HomeViewController.m */,
				37919F1C16091DF5007708EF /* LoginViewController.h */,
				37919F1D16091DF5007708EF /* LoginViewController.m */,
				37483C5516194575000EE5D1 /* TabBarViewController.h */,
				37483C5616194575000EE5D1 /* TabBarViewController.m */,
				37800E3F162B2EDA009FCB17 /* SettingsViewController.h */,
				37800E40162B2EDA009FCB17 /* SettingsViewController.m */,
				37FEEB9915745488003F2B77 /* Supporting Files */,
			);
			path = "Pinboard for iPhone";
			sourceTree = "<group>";
		};
		37FEEB9915745488003F2B77 /* Supporting Files */ = {
			isa = PBXGroup;
			children = (
				37FEEB9A15745488003F2B77 /* Pinboard for iPhone-Info.plist */,
				37FEEB9B15745488003F2B77 /* InfoPlist.strings */,
				37FEEB9E15745488003F2B77 /* main.m */,
				37FEEBA015745488003F2B77 /* Pinboard for iPhone-Prefix.pch */,
			);
			name = "Supporting Files";
			sourceTree = "<group>";
		};
		37FEEBDC15748BA7003F2B77 /* Assets */ = {
			isa = PBXGroup;
			children = (
				370EE75715ED23F300B262E2 /* Icons */,
				3715EEC415787CA100FD21EE /* Stylesheets */,
				3786465C15773E4300A1D5F8 /* Templates */,
				37FEEBD815748BA2003F2B77 /* navigationbar.png */,
				37FEEBD915748BA2003F2B77 /* navigationbar@2x.png */,
				3779D08715EC0928009E564A /* icon_bookmark.png */,
				374D3D4F15AB60AE003E1592 /* cog-white.png */,
				374D3D5015AB60AE003E1592 /* cog-white@2x.png */,
				374D3D5115AB60AE003E1592 /* cog.png */,
				374D3D5215AB60AE003E1592 /* cog@2x.png */,
				37AFB01015AB7CCA00900254 /* recent.xml */,
				3787FFE515B49989008A477A /* Icon-settings.png */,
				3787FFE615B49989008A477A /* Icon-settings@2x.png */,
				3787FFE715B49989008A477A /* Icon.png */,
				3787FFE815B49989008A477A /* Icon@2x.png */,
				3787FFE915B49989008A477A /* iTunesArtwork.png */,
				3787FFEA15B49989008A477A /* iTunesArtwork@2x.png */,
				37098F3A15EC81D7005D84B1 /* tags.xml */,
				37919F2916092492007708EF /* pin.png */,
				37919F2A16092492007708EF /* pin@2x.png */,
				37800E4A162C844A009FCB17 /* about.html */,
			);
			name = Assets;
			sourceTree = "<group>";
		};
/* End PBXGroup section */

/* Begin PBXNativeTarget section */
		37FEEB8D15745488003F2B77 /* Pinboard */ = {
			isa = PBXNativeTarget;
			buildConfigurationList = 37FEEBA615745488003F2B77 /* Build configuration list for PBXNativeTarget "Pinboard" */;
			buildPhases = (
				37FEEB8A15745488003F2B77 /* Sources */,
				37FEEB8B15745488003F2B77 /* Frameworks */,
				37FEEB8C15745488003F2B77 /* Resources */,
			);
			buildRules = (
			);
			dependencies = (
			);
			name = Pinboard;
			productName = "Pinboard for iPhone";
			productReference = 37FEEB8E15745488003F2B77 /* Pinboard.app */;
			productType = "com.apple.product-type.application";
		};
/* End PBXNativeTarget section */

/* Begin PBXProject section */
		37FEEB8515745488003F2B77 /* Project object */ = {
			isa = PBXProject;
			attributes = {
				LastUpgradeCheck = 0430;
			};
			buildConfigurationList = 37FEEB8815745488003F2B77 /* Build configuration list for PBXProject "Pinboard for iPhone" */;
			compatibilityVersion = "Xcode 3.2";
			developmentRegion = English;
			hasScannedForEncodings = 0;
			knownRegions = (
				en,
			);
			mainGroup = 37FEEB8315745488003F2B77;
			productRefGroup = 37FEEB8F15745488003F2B77 /* Products */;
			projectDirPath = "";
			projectRoot = "";
			targets = (
				37FEEB8D15745488003F2B77 /* Pinboard */,
			);
		};
/* End PBXProject section */

/* Begin PBXResourcesBuildPhase section */
		37FEEB8C15745488003F2B77 /* Resources */ = {
			isa = PBXResourcesBuildPhase;
			buildActionMask = 2147483647;
			files = (
				37FEEB9D15745488003F2B77 /* InfoPlist.strings in Resources */,
				37FEEBDA15748BA2003F2B77 /* navigationbar.png in Resources */,
				37FEEBDB15748BA2003F2B77 /* navigationbar@2x.png in Resources */,
				3786465F15773E6700A1D5F8 /* Bookmark.mustache in Resources */,
				3715EEC715787CAA00FD21EE /* main.css in Resources */,
				374D3D5315AB60AE003E1592 /* cog-white.png in Resources */,
				374D3D5415AB60AE003E1592 /* cog-white@2x.png in Resources */,
				374D3D5515AB60AE003E1592 /* cog.png in Resources */,
				374D3D5615AB60AE003E1592 /* cog@2x.png in Resources */,
				37AFB01115AB7CCA00900254 /* recent.xml in Resources */,
				3787FFEB15B49989008A477A /* Icon-settings.png in Resources */,
				3787FFEC15B49989008A477A /* Icon-settings@2x.png in Resources */,
				3787FFED15B49989008A477A /* Icon.png in Resources */,
				3787FFEE15B49989008A477A /* Icon@2x.png in Resources */,
				3787FFEF15B49989008A477A /* iTunesArtwork.png in Resources */,
				3787FFF015B49989008A477A /* iTunesArtwork@2x.png in Resources */,
				3787002B15B49B17008A477A /* Icon.png in Resources */,
				3787002D15B49B23008A477A /* Icon@2x.png in Resources */,
				3779D08815EC0928009E564A /* icon_bookmark.png in Resources */,
				3779D08A15EC0982009E564A /* 14-tag.png in Resources */,
				3779D08C15EC098E009E564A /* 14-tag@2x.png in Resources */,
				3779D08F15EC09AA009E564A /* 19-gear.png in Resources */,
				3779D09015EC09AA009E564A /* 19-gear@2x.png in Resources */,
				3779D09315EC0A68009E564A /* 106-sliders.png in Resources */,
				3779D09415EC0A68009E564A /* 106-sliders@2x.png in Resources */,
				3779D09715EC0A8E009E564A /* 58-bookmark.png in Resources */,
				3779D09815EC0A8E009E564A /* 58-bookmark@2x.png in Resources */,
				3779D09B15EC0AA9009E564A /* 15-tags.png in Resources */,
				3779D09C15EC0AA9009E564A /* 15-tags@2x.png in Resources */,
				3779D09F15EC0B44009E564A /* 10-medical.png in Resources */,
				3779D0A015EC0B44009E564A /* 10-medical@2x.png in Resources */,
				3779D0A315EC0BC0009E564A /* 28-star.png in Resources */,
				3779D0A415EC0BC0009E564A /* 28-star@2x.png in Resources */,
				3779D0A715EC0BF2009E564A /* 16-line-chart.png in Resources */,
				3779D0A815EC0BF2009E564A /* 16-line-chart@2x.png in Resources */,
				3779D0AB15EC0C26009E564A /* 44-shoebox.png in Resources */,
				3779D0AC15EC0C26009E564A /* 44-shoebox@2x.png in Resources */,
				3779D0AF15EC0C59009E564A /* 33-cabinet.png in Resources */,
				3779D0B015EC0C59009E564A /* 33-cabinet@2x.png in Resources */,
				3779D0B315EC0C83009E564A /* 104-index-cards.png in Resources */,
				3779D0B415EC0C83009E564A /* 104-index-cards@2x.png in Resources */,
				3779D0B715EC0DA8009E564A /* 112-group.png in Resources */,
				3779D0B815EC0DA8009E564A /* 112-group@2x.png in Resources */,
				37098F3B15EC81D7005D84B1 /* tags.xml in Resources */,
				370ACB5B15F01863001A0058 /* 71-compass.png in Resources */,
				370ACB5C15F01863001A0058 /* 71-compass@2x.png in Resources */,
				37919F2B16092492007708EF /* pin.png in Resources */,
				37919F2C16092492007708EF /* pin@2x.png in Resources */,
				37275585161A626B001A857B /* arrow.png in Resources */,
				37275586161A626B001A857B /* arrow@2x.png in Resources */,
				37275588161A626B001A857B /* README in Resources */,
				37800E4B162C844A009FCB17 /* about.html in Resources */,
				37800E89162CF1A3009FCB17 /* Reachability.podspec in Resources */,
				37800E8A162CF1A3009FCB17 /* README.md in Resources */,
			);
			runOnlyForDeploymentPostprocessing = 0;
		};
/* End PBXResourcesBuildPhase section */

/* Begin PBXSourcesBuildPhase section */
		37FEEB8A15745488003F2B77 /* Sources */ = {
			isa = PBXSourcesBuildPhase;
			buildActionMask = 2147483647;
			files = (
				37FEEB9F15745488003F2B77 /* main.m in Sources */,
				37FEEBA315745488003F2B77 /* AppDelegate.m in Sources */,
				37FEEBD715747E86003F2B77 /* BookmarkViewController.m in Sources */,
				371BCAFF15772B4400BDA996 /* BookmarkCell.m in Sources */,
				37DCCF2F158AF3FC00ED71B1 /* AFHTTPClient.m in Sources */,
				37DCCF30158AF3FC00ED71B1 /* AFHTTPRequestOperation.m in Sources */,
				37DCCF31158AF3FC00ED71B1 /* AFImageRequestOperation.m in Sources */,
				37DCCF32158AF3FC00ED71B1 /* AFJSONRequestOperation.m in Sources */,
				37DCCF33158AF3FC00ED71B1 /* AFJSONUtilities.m in Sources */,
				37DCCF34158AF3FC00ED71B1 /* AFNetworkActivityIndicatorManager.m in Sources */,
				37DCCF35158AF3FC00ED71B1 /* AFPropertyListRequestOperation.m in Sources */,
				37DCCF36158AF3FC00ED71B1 /* AFURLConnectionOperation.m in Sources */,
				37DCCF37158AF3FC00ED71B1 /* AFXMLRequestOperation.m in Sources */,
				37DCCF38158AF3FC00ED71B1 /* UIImageView+AFNetworking.m in Sources */,
				37DCCF3D158AF40900ED71B1 /* NSAttributedString+Attributes.m in Sources */,
				37DCCF3E158AF40900ED71B1 /* OHAttributedLabel.m in Sources */,
				37DCCF45158B854C00ED71B1 /* TTTAttributedLabel.m in Sources */,
				372E2B3715ABE90B007514D8 /* HomeViewController.m in Sources */,
				376A4F6315E5796B00D8E073 /* BookmarkList.m in Sources */,
				37919F1B16091D5B007708EF /* Pinboard.m in Sources */,
				370EE75A15ED2A4D00B262E2 /* ASManagedObject.m in Sources */,
				370ACB6015F044FF001A0058 /* Model.xcdatamodeld in Sources */,
				37A25A2215FC42B5009716BB /* NoteViewController.m in Sources */,
				37919F1E16091DF5007708EF /* LoginViewController.m in Sources */,
				37483C5716194575000EE5D1 /* TabBarViewController.m in Sources */,
				37483C5B16194A82000EE5D1 /* Bookmark.m in Sources */,
				37483C5E16194A93000EE5D1 /* Tag.m in Sources */,
				37275587161A626B001A857B /* PullToRefreshView.m in Sources */,
				3727558C161A66A2001A857B /* TagViewController.m in Sources */,
				3768DA54161B5F620069161E /* Note.m in Sources */,
				37E3299D1629DF9500A6BC18 /* FMDatabase.m in Sources */,
				37E3299E1629DF9500A6BC18 /* FMDatabaseAdditions.m in Sources */,
				37E3299F1629DF9500A6BC18 /* FMDatabasePool.m in Sources */,
				37E329A01629DF9500A6BC18 /* FMDatabaseQueue.m in Sources */,
				37E329A21629DF9500A6BC18 /* FMResultSet.m in Sources */,
				37800E41162B2EDA009FCB17 /* SettingsViewController.m in Sources */,
				37800E45162B389B009FCB17 /* AddBookmarkViewController.m in Sources */,
				37800E88162CF1A3009FCB17 /* Reachability.m in Sources */,
			);
			runOnlyForDeploymentPostprocessing = 0;
		};
/* End PBXSourcesBuildPhase section */

/* Begin PBXVariantGroup section */
		37FEEB9B15745488003F2B77 /* InfoPlist.strings */ = {
			isa = PBXVariantGroup;
			children = (
				37FEEB9C15745488003F2B77 /* en */,
			);
			name = InfoPlist.strings;
			sourceTree = "<group>";
		};
/* End PBXVariantGroup section */

/* Begin XCBuildConfiguration section */
		37800E9B162D576E009FCB17 /* Beta Release */ = {
			isa = XCBuildConfiguration;
			buildSettings = {
				ALWAYS_SEARCH_USER_PATHS = NO;
				ARCHS = "$(ARCHS_STANDARD_32_BIT)";
				CLANG_ENABLE_OBJC_ARC = YES;
				"CODE_SIGN_IDENTITY[sdk=iphoneos*]" = "iPhone Distribution: Aurora Software LLC";
				COPY_PHASE_STRIP = YES;
				GCC_C_LANGUAGE_STANDARD = gnu99;
				GCC_PREPROCESSOR_DEFINITIONS = "";
				GCC_VERSION = com.apple.compilers.llvm.clang.1_0;
				GCC_WARN_ABOUT_RETURN_TYPE = YES;
				GCC_WARN_UNINITIALIZED_AUTOS = YES;
				GCC_WARN_UNUSED_VARIABLE = YES;
				IPHONEOS_DEPLOYMENT_TARGET = 5.1;
				OTHER_CFLAGS = "-DNS_BLOCK_ASSERTIONS=1";
				"PROVISIONING_PROFILE[sdk=iphoneos*]" = "E042D1F4-ECF2-439D-AB7C-0DA0F6288527";
				SDKROOT = iphoneos;
				VALIDATE_PRODUCT = YES;
				VALID_ARCHS = armv7;
			};
			name = "Beta Release";
		};
		37800E9C162D576E009FCB17 /* Beta Release */ = {
			isa = XCBuildConfiguration;
			buildSettings = {
				GCC_PRECOMPILE_PREFIX_HEADER = YES;
				GCC_PREFIX_HEADER = "Pinboard for iPhone/Pinboard for iPhone-Prefix.pch";
				INFOPLIST_FILE = "Pinboard for iPhone/Pinboard for iPhone-Info.plist";
				IPHONEOS_DEPLOYMENT_TARGET = 5.1;
				LIBRARY_SEARCH_PATHS = (
					"$(inherited)",
					"\"$(SRCROOT)/Frameworks/GRMustache/lib\"",
				);
				PRODUCT_NAME = "$(TARGET_NAME)";
				WRAPPER_EXTENSION = app;
			};
			name = "Beta Release";
		};
		37FEEBA415745488003F2B77 /* Debug */ = {
			isa = XCBuildConfiguration;
			buildSettings = {
				ALWAYS_SEARCH_USER_PATHS = NO;
				ARCHS = "$(ARCHS_STANDARD_32_BIT)";
				CLANG_ENABLE_OBJC_ARC = YES;
				"CODE_SIGN_IDENTITY[sdk=iphoneos*]" = "iPhone Developer: Daniel Loewenherz (32S53QJB5F)";
				COPY_PHASE_STRIP = NO;
				GCC_C_LANGUAGE_STANDARD = gnu99;
				GCC_DYNAMIC_NO_PIC = NO;
				GCC_OPTIMIZATION_LEVEL = 0;
				GCC_PREPROCESSOR_DEFINITIONS = "";
				GCC_SYMBOLS_PRIVATE_EXTERN = NO;
				GCC_VERSION = com.apple.compilers.llvm.clang.1_0;
				GCC_WARN_ABOUT_RETURN_TYPE = YES;
				GCC_WARN_UNINITIALIZED_AUTOS = YES;
				GCC_WARN_UNUSED_VARIABLE = YES;
				IPHONEOS_DEPLOYMENT_TARGET = 5.1;
				"PROVISIONING_PROFILE[sdk=iphoneos*]" = "93EDA687-C1AE-4077-A6CE-2BDED8EE4B8E";
				SDKROOT = iphoneos;
				VALID_ARCHS = armv7;
			};
			name = Debug;
		};
		37FEEBA515745488003F2B77 /* Release */ = {
			isa = XCBuildConfiguration;
			buildSettings = {
				ALWAYS_SEARCH_USER_PATHS = NO;
				ARCHS = "$(ARCHS_STANDARD_32_BIT)";
				CLANG_ENABLE_OBJC_ARC = YES;
				"CODE_SIGN_IDENTITY[sdk=iphoneos*]" = "iPhone Distribution";
				COPY_PHASE_STRIP = YES;
				GCC_C_LANGUAGE_STANDARD = gnu99;
				GCC_PREPROCESSOR_DEFINITIONS = "";
				GCC_VERSION = com.apple.compilers.llvm.clang.1_0;
				GCC_WARN_ABOUT_RETURN_TYPE = YES;
				GCC_WARN_UNINITIALIZED_AUTOS = YES;
				GCC_WARN_UNUSED_VARIABLE = YES;
				IPHONEOS_DEPLOYMENT_TARGET = 5.1;
				OTHER_CFLAGS = "-DNS_BLOCK_ASSERTIONS=1";
				"PROVISIONING_PROFILE[sdk=iphoneos*]" = "";
				SDKROOT = iphoneos;
				VALIDATE_PRODUCT = YES;
				VALID_ARCHS = armv7;
			};
			name = Release;
		};
		37FEEBA715745488003F2B77 /* Debug */ = {
			isa = XCBuildConfiguration;
			buildSettings = {
				GCC_PRECOMPILE_PREFIX_HEADER = YES;
				GCC_PREFIX_HEADER = "Pinboard for iPhone/Pinboard for iPhone-Prefix.pch";
				INFOPLIST_FILE = "Pinboard for iPhone/Pinboard for iPhone-Info.plist";
				IPHONEOS_DEPLOYMENT_TARGET = 5.1;
				LIBRARY_SEARCH_PATHS = (
					"$(inherited)",
					"\"$(SRCROOT)/Frameworks/GRMustache/lib\"",
				);
				PRODUCT_NAME = "$(TARGET_NAME)";
				WRAPPER_EXTENSION = app;
			};
			name = Debug;
		};
		37FEEBA815745488003F2B77 /* Release */ = {
			isa = XCBuildConfiguration;
			buildSettings = {
				GCC_PRECOMPILE_PREFIX_HEADER = YES;
				GCC_PREFIX_HEADER = "Pinboard for iPhone/Pinboard for iPhone-Prefix.pch";
				INFOPLIST_FILE = "Pinboard for iPhone/Pinboard for iPhone-Info.plist";
				IPHONEOS_DEPLOYMENT_TARGET = 5.1;
				LIBRARY_SEARCH_PATHS = (
					"$(inherited)",
					"\"$(SRCROOT)/Frameworks/GRMustache/lib\"",
				);
				PRODUCT_NAME = "$(TARGET_NAME)";
				WRAPPER_EXTENSION = app;
			};
			name = Release;
		};
/* End XCBuildConfiguration section */

/* Begin XCConfigurationList section */
		37FEEB8815745488003F2B77 /* Build configuration list for PBXProject "Pinboard for iPhone" */ = {
			isa = XCConfigurationList;
			buildConfigurations = (
				37FEEBA415745488003F2B77 /* Debug */,
				37FEEBA515745488003F2B77 /* Release */,
				37800E9B162D576E009FCB17 /* Beta Release */,
			);
			defaultConfigurationIsVisible = 0;
			defaultConfigurationName = Release;
		};
		37FEEBA615745488003F2B77 /* Build configuration list for PBXNativeTarget "Pinboard" */ = {
			isa = XCConfigurationList;
			buildConfigurations = (
				37FEEBA715745488003F2B77 /* Debug */,
				37FEEBA815745488003F2B77 /* Release */,
				37800E9C162D576E009FCB17 /* Beta Release */,
			);
			defaultConfigurationIsVisible = 0;
			defaultConfigurationName = Release;
		};
/* End XCConfigurationList section */

/* Begin XCVersionGroup section */
		370ACB5E15F044FF001A0058 /* Model.xcdatamodeld */ = {
			isa = XCVersionGroup;
			children = (
				370ACB5F15F044FF001A0058 /* Model.xcdatamodel */,
			);
			currentVersion = 370ACB5F15F044FF001A0058 /* Model.xcdatamodel */;
			path = Model.xcdatamodeld;
			sourceTree = "<group>";
			versionGroupType = wrapper.xcdatamodel;
		};
/* End XCVersionGroup section */
	};
	rootObject = 37FEEB8515745488003F2B77 /* Project object */;
}
