// !$*UTF8*$!
{
	archiveVersion = 1;
	classes = {
	};
	objectVersion = 46;
	objects = {

/* Begin PBXBuildFile section */
		3715EEC715787CAA00FD21EE /* main.css in Resources */ = {isa = PBXBuildFile; fileRef = 3715EEC615787CAA00FD21EE /* main.css */; };
		371BCAFF15772B4400BDA996 /* BookmarkCell.m in Sources */ = {isa = PBXBuildFile; fileRef = 371BCAFE15772B4400BDA996 /* BookmarkCell.m */; };
		371BCB0215772C0E00BDA996 /* CoreText.framework in Frameworks */ = {isa = PBXBuildFile; fileRef = 371BCB0115772C0E00BDA996 /* CoreText.framework */; };
		3786465F15773E6700A1D5F8 /* Bookmark.mustache in Resources */ = {isa = PBXBuildFile; fileRef = 3786465E15773E6700A1D5F8 /* Bookmark.mustache */; };
		3786466115773FDE00A1D5F8 /* libGRMustache4-iOS.a in Frameworks */ = {isa = PBXBuildFile; fileRef = 3786466015773FDE00A1D5F8 /* libGRMustache4-iOS.a */; };
		378646631577401400A1D5F8 /* GRMustache.h in Sources */ = {isa = PBXBuildFile; fileRef = 3786466215773FF500A1D5F8 /* GRMustache.h */; };
		37FEEB9315745488003F2B77 /* UIKit.framework in Frameworks */ = {isa = PBXBuildFile; fileRef = 37FEEB9215745488003F2B77 /* UIKit.framework */; };
		37FEEB9515745488003F2B77 /* Foundation.framework in Frameworks */ = {isa = PBXBuildFile; fileRef = 37FEEB9415745488003F2B77 /* Foundation.framework */; };
		37FEEB9715745488003F2B77 /* CoreGraphics.framework in Frameworks */ = {isa = PBXBuildFile; fileRef = 37FEEB9615745488003F2B77 /* CoreGraphics.framework */; };
		37FEEB9D15745488003F2B77 /* InfoPlist.strings in Resources */ = {isa = PBXBuildFile; fileRef = 37FEEB9B15745488003F2B77 /* InfoPlist.strings */; };
		37FEEB9F15745488003F2B77 /* main.m in Sources */ = {isa = PBXBuildFile; fileRef = 37FEEB9E15745488003F2B77 /* main.m */; };
		37FEEBA315745488003F2B77 /* AppDelegate.m in Sources */ = {isa = PBXBuildFile; fileRef = 37FEEBA215745488003F2B77 /* AppDelegate.m */; };
		37FEEBBF1574554B003F2B77 /* AFHTTPClient.m in Sources */ = {isa = PBXBuildFile; fileRef = 37FEEBAB1574554B003F2B77 /* AFHTTPClient.m */; settings = {COMPILER_FLAGS = "-fno-objc-arc"; }; };
		37FEEBC01574554B003F2B77 /* AFHTTPRequestOperation.m in Sources */ = {isa = PBXBuildFile; fileRef = 37FEEBAD1574554B003F2B77 /* AFHTTPRequestOperation.m */; settings = {COMPILER_FLAGS = "-fno-objc-arc"; }; };
		37FEEBC11574554B003F2B77 /* AFImageRequestOperation.m in Sources */ = {isa = PBXBuildFile; fileRef = 37FEEBAF1574554B003F2B77 /* AFImageRequestOperation.m */; settings = {COMPILER_FLAGS = "-fno-objc-arc"; }; };
		37FEEBC21574554B003F2B77 /* AFJSONRequestOperation.m in Sources */ = {isa = PBXBuildFile; fileRef = 37FEEBB11574554B003F2B77 /* AFJSONRequestOperation.m */; settings = {COMPILER_FLAGS = "-fno-objc-arc"; }; };
		37FEEBC31574554B003F2B77 /* AFJSONUtilities.m in Sources */ = {isa = PBXBuildFile; fileRef = 37FEEBB31574554B003F2B77 /* AFJSONUtilities.m */; settings = {COMPILER_FLAGS = "-fno-objc-arc"; }; };
		37FEEBC41574554B003F2B77 /* AFNetworkActivityIndicatorManager.m in Sources */ = {isa = PBXBuildFile; fileRef = 37FEEBB51574554B003F2B77 /* AFNetworkActivityIndicatorManager.m */; settings = {COMPILER_FLAGS = "-fno-objc-arc"; }; };
		37FEEBC51574554B003F2B77 /* AFPropertyListRequestOperation.m in Sources */ = {isa = PBXBuildFile; fileRef = 37FEEBB81574554B003F2B77 /* AFPropertyListRequestOperation.m */; settings = {COMPILER_FLAGS = "-fno-objc-arc"; }; };
		37FEEBC61574554B003F2B77 /* AFURLConnectionOperation.m in Sources */ = {isa = PBXBuildFile; fileRef = 37FEEBBA1574554B003F2B77 /* AFURLConnectionOperation.m */; settings = {COMPILER_FLAGS = "-fno-objc-arc"; }; };
		37FEEBC71574554B003F2B77 /* AFXMLRequestOperation.m in Sources */ = {isa = PBXBuildFile; fileRef = 37FEEBBC1574554B003F2B77 /* AFXMLRequestOperation.m */; settings = {COMPILER_FLAGS = "-fno-objc-arc"; }; };
		37FEEBC81574554B003F2B77 /* UIImageView+AFNetworking.m in Sources */ = {isa = PBXBuildFile; fileRef = 37FEEBBE1574554B003F2B77 /* UIImageView+AFNetworking.m */; settings = {COMPILER_FLAGS = "-fno-objc-arc"; }; };
		37FEEBD415745786003F2B77 /* PinboardClient.m in Sources */ = {isa = PBXBuildFile; fileRef = 37FEEBD315745786003F2B77 /* PinboardClient.m */; };
		37FEEBD715747E86003F2B77 /* BookmarkViewController.m in Sources */ = {isa = PBXBuildFile; fileRef = 37FEEBD615747E85003F2B77 /* BookmarkViewController.m */; };
		37FEEBDA15748BA2003F2B77 /* navigationbar.png in Resources */ = {isa = PBXBuildFile; fileRef = 37FEEBD815748BA2003F2B77 /* navigationbar.png */; };
		37FEEBDB15748BA2003F2B77 /* navigationbar@2x.png in Resources */ = {isa = PBXBuildFile; fileRef = 37FEEBD915748BA2003F2B77 /* navigationbar@2x.png */; };
/* End PBXBuildFile section */

/* Begin PBXFileReference section */
		3715EEC615787CAA00FD21EE /* main.css */ = {isa = PBXFileReference; fileEncoding = 4; lastKnownFileType = text.css; name = main.css; path = Assets/HTML/main.css; sourceTree = "<group>"; };
		371BCAFD15772B4400BDA996 /* BookmarkCell.h */ = {isa = PBXFileReference; fileEncoding = 4; lastKnownFileType = sourcecode.c.h; path = BookmarkCell.h; sourceTree = "<group>"; };
		371BCAFE15772B4400BDA996 /* BookmarkCell.m */ = {isa = PBXFileReference; fileEncoding = 4; lastKnownFileType = sourcecode.c.objc; path = BookmarkCell.m; sourceTree = "<group>"; };
		371BCB0115772C0E00BDA996 /* CoreText.framework */ = {isa = PBXFileReference; lastKnownFileType = wrapper.framework; name = CoreText.framework; path = System/Library/Frameworks/CoreText.framework; sourceTree = SDKROOT; };
		3786465E15773E6700A1D5F8 /* Bookmark.mustache */ = {isa = PBXFileReference; fileEncoding = 4; lastKnownFileType = text; name = Bookmark.mustache; path = Assets/Templates/Bookmark.mustache; sourceTree = "<group>"; };
		3786466015773FDE00A1D5F8 /* libGRMustache4-iOS.a */ = {isa = PBXFileReference; lastKnownFileType = archive.ar; name = "libGRMustache4-iOS.a"; path = "Frameworks/GRMustache/lib/libGRMustache4-iOS.a"; sourceTree = "<group>"; };
		3786466215773FF500A1D5F8 /* GRMustache.h */ = {isa = PBXFileReference; fileEncoding = 4; lastKnownFileType = sourcecode.c.h; name = GRMustache.h; path = Frameworks/GRMustache/include/GRMustache.h; sourceTree = "<group>"; };
		37FEEB8E15745488003F2B77 /* Pinboard for iPhone.app */ = {isa = PBXFileReference; explicitFileType = wrapper.application; includeInIndex = 0; path = "Pinboard for iPhone.app"; sourceTree = BUILT_PRODUCTS_DIR; };
		37FEEB9215745488003F2B77 /* UIKit.framework */ = {isa = PBXFileReference; lastKnownFileType = wrapper.framework; name = UIKit.framework; path = System/Library/Frameworks/UIKit.framework; sourceTree = SDKROOT; };
		37FEEB9415745488003F2B77 /* Foundation.framework */ = {isa = PBXFileReference; lastKnownFileType = wrapper.framework; name = Foundation.framework; path = System/Library/Frameworks/Foundation.framework; sourceTree = SDKROOT; };
		37FEEB9615745488003F2B77 /* CoreGraphics.framework */ = {isa = PBXFileReference; lastKnownFileType = wrapper.framework; name = CoreGraphics.framework; path = System/Library/Frameworks/CoreGraphics.framework; sourceTree = SDKROOT; };
		37FEEB9A15745488003F2B77 /* Pinboard for iPhone-Info.plist */ = {isa = PBXFileReference; lastKnownFileType = text.plist.xml; path = "Pinboard for iPhone-Info.plist"; sourceTree = "<group>"; };
		37FEEB9C15745488003F2B77 /* en */ = {isa = PBXFileReference; lastKnownFileType = text.plist.strings; name = en; path = en.lproj/InfoPlist.strings; sourceTree = "<group>"; };
		37FEEB9E15745488003F2B77 /* main.m */ = {isa = PBXFileReference; lastKnownFileType = sourcecode.c.objc; path = main.m; sourceTree = "<group>"; };
		37FEEBA015745488003F2B77 /* Pinboard for iPhone-Prefix.pch */ = {isa = PBXFileReference; lastKnownFileType = sourcecode.c.h; path = "Pinboard for iPhone-Prefix.pch"; sourceTree = "<group>"; };
		37FEEBA115745488003F2B77 /* AppDelegate.h */ = {isa = PBXFileReference; lastKnownFileType = sourcecode.c.h; path = AppDelegate.h; sourceTree = "<group>"; };
		37FEEBA215745488003F2B77 /* AppDelegate.m */ = {isa = PBXFileReference; lastKnownFileType = sourcecode.c.objc; path = AppDelegate.m; sourceTree = "<group>"; };
		37FEEBAA1574554B003F2B77 /* AFHTTPClient.h */ = {isa = PBXFileReference; fileEncoding = 4; lastKnownFileType = sourcecode.c.h; path = AFHTTPClient.h; sourceTree = "<group>"; };
		37FEEBAB1574554B003F2B77 /* AFHTTPClient.m */ = {isa = PBXFileReference; fileEncoding = 4; lastKnownFileType = sourcecode.c.objc; path = AFHTTPClient.m; sourceTree = "<group>"; };
		37FEEBAC1574554B003F2B77 /* AFHTTPRequestOperation.h */ = {isa = PBXFileReference; fileEncoding = 4; lastKnownFileType = sourcecode.c.h; path = AFHTTPRequestOperation.h; sourceTree = "<group>"; };
		37FEEBAD1574554B003F2B77 /* AFHTTPRequestOperation.m */ = {isa = PBXFileReference; fileEncoding = 4; lastKnownFileType = sourcecode.c.objc; path = AFHTTPRequestOperation.m; sourceTree = "<group>"; };
		37FEEBAE1574554B003F2B77 /* AFImageRequestOperation.h */ = {isa = PBXFileReference; fileEncoding = 4; lastKnownFileType = sourcecode.c.h; path = AFImageRequestOperation.h; sourceTree = "<group>"; };
		37FEEBAF1574554B003F2B77 /* AFImageRequestOperation.m */ = {isa = PBXFileReference; fileEncoding = 4; lastKnownFileType = sourcecode.c.objc; path = AFImageRequestOperation.m; sourceTree = "<group>"; };
		37FEEBB01574554B003F2B77 /* AFJSONRequestOperation.h */ = {isa = PBXFileReference; fileEncoding = 4; lastKnownFileType = sourcecode.c.h; path = AFJSONRequestOperation.h; sourceTree = "<group>"; };
		37FEEBB11574554B003F2B77 /* AFJSONRequestOperation.m */ = {isa = PBXFileReference; fileEncoding = 4; lastKnownFileType = sourcecode.c.objc; path = AFJSONRequestOperation.m; sourceTree = "<group>"; };
		37FEEBB21574554B003F2B77 /* AFJSONUtilities.h */ = {isa = PBXFileReference; fileEncoding = 4; lastKnownFileType = sourcecode.c.h; path = AFJSONUtilities.h; sourceTree = "<group>"; };
		37FEEBB31574554B003F2B77 /* AFJSONUtilities.m */ = {isa = PBXFileReference; fileEncoding = 4; lastKnownFileType = sourcecode.c.objc; path = AFJSONUtilities.m; sourceTree = "<group>"; };
		37FEEBB41574554B003F2B77 /* AFNetworkActivityIndicatorManager.h */ = {isa = PBXFileReference; fileEncoding = 4; lastKnownFileType = sourcecode.c.h; path = AFNetworkActivityIndicatorManager.h; sourceTree = "<group>"; };
		37FEEBB51574554B003F2B77 /* AFNetworkActivityIndicatorManager.m */ = {isa = PBXFileReference; fileEncoding = 4; lastKnownFileType = sourcecode.c.objc; path = AFNetworkActivityIndicatorManager.m; sourceTree = "<group>"; };
		37FEEBB61574554B003F2B77 /* AFNetworking.h */ = {isa = PBXFileReference; fileEncoding = 4; lastKnownFileType = sourcecode.c.h; path = AFNetworking.h; sourceTree = "<group>"; };
		37FEEBB71574554B003F2B77 /* AFPropertyListRequestOperation.h */ = {isa = PBXFileReference; fileEncoding = 4; lastKnownFileType = sourcecode.c.h; path = AFPropertyListRequestOperation.h; sourceTree = "<group>"; };
		37FEEBB81574554B003F2B77 /* AFPropertyListRequestOperation.m */ = {isa = PBXFileReference; fileEncoding = 4; lastKnownFileType = sourcecode.c.objc; path = AFPropertyListRequestOperation.m; sourceTree = "<group>"; };
		37FEEBB91574554B003F2B77 /* AFURLConnectionOperation.h */ = {isa = PBXFileReference; fileEncoding = 4; lastKnownFileType = sourcecode.c.h; path = AFURLConnectionOperation.h; sourceTree = "<group>"; };
		37FEEBBA1574554B003F2B77 /* AFURLConnectionOperation.m */ = {isa = PBXFileReference; fileEncoding = 4; lastKnownFileType = sourcecode.c.objc; path = AFURLConnectionOperation.m; sourceTree = "<group>"; };
		37FEEBBB1574554B003F2B77 /* AFXMLRequestOperation.h */ = {isa = PBXFileReference; fileEncoding = 4; lastKnownFileType = sourcecode.c.h; path = AFXMLRequestOperation.h; sourceTree = "<group>"; };
		37FEEBBC1574554B003F2B77 /* AFXMLRequestOperation.m */ = {isa = PBXFileReference; fileEncoding = 4; lastKnownFileType = sourcecode.c.objc; path = AFXMLRequestOperation.m; sourceTree = "<group>"; };
		37FEEBBD1574554B003F2B77 /* UIImageView+AFNetworking.h */ = {isa = PBXFileReference; fileEncoding = 4; lastKnownFileType = sourcecode.c.h; path = "UIImageView+AFNetworking.h"; sourceTree = "<group>"; };
		37FEEBBE1574554B003F2B77 /* UIImageView+AFNetworking.m */ = {isa = PBXFileReference; fileEncoding = 4; lastKnownFileType = sourcecode.c.objc; path = "UIImageView+AFNetworking.m"; sourceTree = "<group>"; };
		37FEEBD215745786003F2B77 /* PinboardClient.h */ = {isa = PBXFileReference; fileEncoding = 4; lastKnownFileType = sourcecode.c.h; path = PinboardClient.h; sourceTree = "<group>"; };
		37FEEBD315745786003F2B77 /* PinboardClient.m */ = {isa = PBXFileReference; fileEncoding = 4; lastKnownFileType = sourcecode.c.objc; path = PinboardClient.m; sourceTree = "<group>"; };
		37FEEBD515747E85003F2B77 /* BookmarkViewController.h */ = {isa = PBXFileReference; fileEncoding = 4; lastKnownFileType = sourcecode.c.h; path = BookmarkViewController.h; sourceTree = "<group>"; };
		37FEEBD615747E85003F2B77 /* BookmarkViewController.m */ = {isa = PBXFileReference; fileEncoding = 4; lastKnownFileType = sourcecode.c.objc; path = BookmarkViewController.m; sourceTree = "<group>"; };
		37FEEBD815748BA2003F2B77 /* navigationbar.png */ = {isa = PBXFileReference; lastKnownFileType = image.png; name = navigationbar.png; path = Assets/navigationbar.png; sourceTree = "<group>"; };
		37FEEBD915748BA2003F2B77 /* navigationbar@2x.png */ = {isa = PBXFileReference; lastKnownFileType = image.png; name = "navigationbar@2x.png"; path = "Assets/navigationbar@2x.png"; sourceTree = "<group>"; };
/* End PBXFileReference section */

/* Begin PBXFrameworksBuildPhase section */
		37FEEB8B15745488003F2B77 /* Frameworks */ = {
			isa = PBXFrameworksBuildPhase;
			buildActionMask = 2147483647;
			files = (
				371BCB0215772C0E00BDA996 /* CoreText.framework in Frameworks */,
				37FEEB9315745488003F2B77 /* UIKit.framework in Frameworks */,
				37FEEB9515745488003F2B77 /* Foundation.framework in Frameworks */,
				37FEEB9715745488003F2B77 /* CoreGraphics.framework in Frameworks */,
				3786466115773FDE00A1D5F8 /* libGRMustache4-iOS.a in Frameworks */,
			);
			runOnlyForDeploymentPostprocessing = 0;
		};
/* End PBXFrameworksBuildPhase section */

/* Begin PBXGroup section */
		3715EEC415787CA100FD21EE /* Stylesheets */ = {
			isa = PBXGroup;
			children = (
				3715EEC615787CAA00FD21EE /* main.css */,
			);
			name = Stylesheets;
			sourceTree = "<group>";
		};
		3786465C15773E4300A1D5F8 /* Templates */ = {
			isa = PBXGroup;
			children = (
				3786465E15773E6700A1D5F8 /* Bookmark.mustache */,
			);
			name = Templates;
			sourceTree = "<group>";
		};
		37FEEB8315745488003F2B77 = {
			isa = PBXGroup;
			children = (
				37FEEB9815745488003F2B77 /* Pinboard for iPhone */,
				37FEEB9115745488003F2B77 /* Frameworks */,
				37FEEB8F15745488003F2B77 /* Products */,
				37FEEBDC15748BA7003F2B77 /* Assets */,
			);
			sourceTree = "<group>";
		};
		37FEEB8F15745488003F2B77 /* Products */ = {
			isa = PBXGroup;
			children = (
				37FEEB8E15745488003F2B77 /* Pinboard for iPhone.app */,
			);
			name = Products;
			sourceTree = "<group>";
		};
		37FEEB9115745488003F2B77 /* Frameworks */ = {
			isa = PBXGroup;
			children = (
				37FEEBA91574554B003F2B77 /* AFNetworking */,
				3786466015773FDE00A1D5F8 /* libGRMustache4-iOS.a */,
				3786466215773FF500A1D5F8 /* GRMustache.h */,
				371BCB0115772C0E00BDA996 /* CoreText.framework */,
				37FEEB9215745488003F2B77 /* UIKit.framework */,
				37FEEB9415745488003F2B77 /* Foundation.framework */,
				37FEEB9615745488003F2B77 /* CoreGraphics.framework */,
			);
			name = Frameworks;
			sourceTree = "<group>";
		};
		37FEEB9815745488003F2B77 /* Pinboard for iPhone */ = {
			isa = PBXGroup;
			children = (
				37FEEBA115745488003F2B77 /* AppDelegate.h */,
				37FEEBA215745488003F2B77 /* AppDelegate.m */,
				37FEEBD215745786003F2B77 /* PinboardClient.h */,
				37FEEBD315745786003F2B77 /* PinboardClient.m */,
				37FEEBD515747E85003F2B77 /* BookmarkViewController.h */,
				37FEEBD615747E85003F2B77 /* BookmarkViewController.m */,
				371BCAFD15772B4400BDA996 /* BookmarkCell.h */,
				371BCAFE15772B4400BDA996 /* BookmarkCell.m */,
				37FEEB9915745488003F2B77 /* Supporting Files */,
			);
			path = "Pinboard for iPhone";
			sourceTree = "<group>";
		};
		37FEEB9915745488003F2B77 /* Supporting Files */ = {
			isa = PBXGroup;
			children = (
				37FEEB9A15745488003F2B77 /* Pinboard for iPhone-Info.plist */,
				37FEEB9B15745488003F2B77 /* InfoPlist.strings */,
				37FEEB9E15745488003F2B77 /* main.m */,
				37FEEBA015745488003F2B77 /* Pinboard for iPhone-Prefix.pch */,
			);
			name = "Supporting Files";
			sourceTree = "<group>";
		};
		37FEEBA91574554B003F2B77 /* AFNetworking */ = {
			isa = PBXGroup;
			children = (
				37FEEBAA1574554B003F2B77 /* AFHTTPClient.h */,
				37FEEBAB1574554B003F2B77 /* AFHTTPClient.m */,
				37FEEBAC1574554B003F2B77 /* AFHTTPRequestOperation.h */,
				37FEEBAD1574554B003F2B77 /* AFHTTPRequestOperation.m */,
				37FEEBAE1574554B003F2B77 /* AFImageRequestOperation.h */,
				37FEEBAF1574554B003F2B77 /* AFImageRequestOperation.m */,
				37FEEBB01574554B003F2B77 /* AFJSONRequestOperation.h */,
				37FEEBB11574554B003F2B77 /* AFJSONRequestOperation.m */,
				37FEEBB21574554B003F2B77 /* AFJSONUtilities.h */,
				37FEEBB31574554B003F2B77 /* AFJSONUtilities.m */,
				37FEEBB41574554B003F2B77 /* AFNetworkActivityIndicatorManager.h */,
				37FEEBB51574554B003F2B77 /* AFNetworkActivityIndicatorManager.m */,
				37FEEBB61574554B003F2B77 /* AFNetworking.h */,
				37FEEBB71574554B003F2B77 /* AFPropertyListRequestOperation.h */,
				37FEEBB81574554B003F2B77 /* AFPropertyListRequestOperation.m */,
				37FEEBB91574554B003F2B77 /* AFURLConnectionOperation.h */,
				37FEEBBA1574554B003F2B77 /* AFURLConnectionOperation.m */,
				37FEEBBB1574554B003F2B77 /* AFXMLRequestOperation.h */,
				37FEEBBC1574554B003F2B77 /* AFXMLRequestOperation.m */,
				37FEEBBD1574554B003F2B77 /* UIImageView+AFNetworking.h */,
				37FEEBBE1574554B003F2B77 /* UIImageView+AFNetworking.m */,
			);
			name = AFNetworking;
			path = ../Pinboard/Libraries/AFNetworking;
			sourceTree = "<group>";
		};
		37FEEBDC15748BA7003F2B77 /* Assets */ = {
			isa = PBXGroup;
			children = (
				3715EEC415787CA100FD21EE /* Stylesheets */,
				3786465C15773E4300A1D5F8 /* Templates */,
				37FEEBD815748BA2003F2B77 /* navigationbar.png */,
				37FEEBD915748BA2003F2B77 /* navigationbar@2x.png */,
			);
			name = Assets;
			sourceTree = "<group>";
		};
/* End PBXGroup section */

/* Begin PBXNativeTarget section */
		37FEEB8D15745488003F2B77 /* Pinboard for iPhone */ = {
			isa = PBXNativeTarget;
			buildConfigurationList = 37FEEBA615745488003F2B77 /* Build configuration list for PBXNativeTarget "Pinboard for iPhone" */;
			buildPhases = (
				37FEEB8A15745488003F2B77 /* Sources */,
				37FEEB8B15745488003F2B77 /* Frameworks */,
				37FEEB8C15745488003F2B77 /* Resources */,
			);
			buildRules = (
			);
			dependencies = (
			);
			name = "Pinboard for iPhone";
			productName = "Pinboard for iPhone";
			productReference = 37FEEB8E15745488003F2B77 /* Pinboard for iPhone.app */;
			productType = "com.apple.product-type.application";
		};
/* End PBXNativeTarget section */

/* Begin PBXProject section */
		37FEEB8515745488003F2B77 /* Project object */ = {
			isa = PBXProject;
			attributes = {
				LastUpgradeCheck = 0430;
			};
			buildConfigurationList = 37FEEB8815745488003F2B77 /* Build configuration list for PBXProject "Pinboard for iPhone" */;
			compatibilityVersion = "Xcode 3.2";
			developmentRegion = English;
			hasScannedForEncodings = 0;
			knownRegions = (
				en,
			);
			mainGroup = 37FEEB8315745488003F2B77;
			productRefGroup = 37FEEB8F15745488003F2B77 /* Products */;
			projectDirPath = "";
			projectRoot = "";
			targets = (
				37FEEB8D15745488003F2B77 /* Pinboard for iPhone */,
			);
		};
/* End PBXProject section */

/* Begin PBXResourcesBuildPhase section */
		37FEEB8C15745488003F2B77 /* Resources */ = {
			isa = PBXResourcesBuildPhase;
			buildActionMask = 2147483647;
			files = (
				37FEEB9D15745488003F2B77 /* InfoPlist.strings in Resources */,
				37FEEBDA15748BA2003F2B77 /* navigationbar.png in Resources */,
				37FEEBDB15748BA2003F2B77 /* navigationbar@2x.png in Resources */,
				3786465F15773E6700A1D5F8 /* Bookmark.mustache in Resources */,
				3715EEC715787CAA00FD21EE /* main.css in Resources */,
			);
			runOnlyForDeploymentPostprocessing = 0;
		};
/* End PBXResourcesBuildPhase section */

/* Begin PBXSourcesBuildPhase section */
		37FEEB8A15745488003F2B77 /* Sources */ = {
			isa = PBXSourcesBuildPhase;
			buildActionMask = 2147483647;
			files = (
				378646631577401400A1D5F8 /* GRMustache.h in Sources */,
				37FEEB9F15745488003F2B77 /* main.m in Sources */,
				37FEEBA315745488003F2B77 /* AppDelegate.m in Sources */,
				37FEEBBF1574554B003F2B77 /* AFHTTPClient.m in Sources */,
				37FEEBC01574554B003F2B77 /* AFHTTPRequestOperation.m in Sources */,
				37FEEBC11574554B003F2B77 /* AFImageRequestOperation.m in Sources */,
				37FEEBC21574554B003F2B77 /* AFJSONRequestOperation.m in Sources */,
				37FEEBC31574554B003F2B77 /* AFJSONUtilities.m in Sources */,
				37FEEBC41574554B003F2B77 /* AFNetworkActivityIndicatorManager.m in Sources */,
				37FEEBC51574554B003F2B77 /* AFPropertyListRequestOperation.m in Sources */,
				37FEEBC61574554B003F2B77 /* AFURLConnectionOperation.m in Sources */,
				37FEEBC71574554B003F2B77 /* AFXMLRequestOperation.m in Sources */,
				37FEEBC81574554B003F2B77 /* UIImageView+AFNetworking.m in Sources */,
				37FEEBD415745786003F2B77 /* PinboardClient.m in Sources */,
				37FEEBD715747E86003F2B77 /* BookmarkViewController.m in Sources */,
				371BCAFF15772B4400BDA996 /* BookmarkCell.m in Sources */,
			);
			runOnlyForDeploymentPostprocessing = 0;
		};
/* End PBXSourcesBuildPhase section */

/* Begin PBXVariantGroup section */
		37FEEB9B15745488003F2B77 /* InfoPlist.strings */ = {
			isa = PBXVariantGroup;
			children = (
				37FEEB9C15745488003F2B77 /* en */,
			);
			name = InfoPlist.strings;
			sourceTree = "<group>";
		};
/* End PBXVariantGroup section */

/* Begin XCBuildConfiguration section */
		37FEEBA415745488003F2B77 /* Debug */ = {
			isa = XCBuildConfiguration;
			buildSettings = {
				ALWAYS_SEARCH_USER_PATHS = NO;
				ARCHS = "$(ARCHS_STANDARD_32_BIT)";
				CLANG_ENABLE_OBJC_ARC = YES;
				"CODE_SIGN_IDENTITY[sdk=iphoneos*]" = "iPhone Developer";
				COPY_PHASE_STRIP = NO;
				GCC_C_LANGUAGE_STANDARD = gnu99;
				GCC_DYNAMIC_NO_PIC = NO;
				GCC_OPTIMIZATION_LEVEL = 0;
				GCC_PREPROCESSOR_DEFINITIONS = (
					"DEBUG=1",
					"$(inherited)",
				);
				GCC_SYMBOLS_PRIVATE_EXTERN = NO;
				GCC_VERSION = com.apple.compilers.llvm.clang.1_0;
				GCC_WARN_ABOUT_RETURN_TYPE = YES;
				GCC_WARN_UNINITIALIZED_AUTOS = YES;
				GCC_WARN_UNUSED_VARIABLE = YES;
				IPHONEOS_DEPLOYMENT_TARGET = 5.1;
				SDKROOT = iphoneos;
			};
			name = Debug;
		};
		37FEEBA515745488003F2B77 /* Release */ = {
			isa = XCBuildConfiguration;
			buildSettings = {
				ALWAYS_SEARCH_USER_PATHS = NO;
				ARCHS = "$(ARCHS_STANDARD_32_BIT)";
				CLANG_ENABLE_OBJC_ARC = YES;
				"CODE_SIGN_IDENTITY[sdk=iphoneos*]" = "iPhone Developer";
				COPY_PHASE_STRIP = YES;
				GCC_C_LANGUAGE_STANDARD = gnu99;
				GCC_VERSION = com.apple.compilers.llvm.clang.1_0;
				GCC_WARN_ABOUT_RETURN_TYPE = YES;
				GCC_WARN_UNINITIALIZED_AUTOS = YES;
				GCC_WARN_UNUSED_VARIABLE = YES;
				IPHONEOS_DEPLOYMENT_TARGET = 5.1;
				OTHER_CFLAGS = "-DNS_BLOCK_ASSERTIONS=1";
				SDKROOT = iphoneos;
				VALIDATE_PRODUCT = YES;
			};
			name = Release;
		};
		37FEEBA715745488003F2B77 /* Debug */ = {
			isa = XCBuildConfiguration;
			buildSettings = {
				GCC_PRECOMPILE_PREFIX_HEADER = YES;
				GCC_PREFIX_HEADER = "Pinboard for iPhone/Pinboard for iPhone-Prefix.pch";
				INFOPLIST_FILE = "Pinboard for iPhone/Pinboard for iPhone-Info.plist";
				LIBRARY_SEARCH_PATHS = (
					"$(inherited)",
					"\"$(SRCROOT)/Frameworks/GRMustache/lib\"",
				);
				PRODUCT_NAME = "$(TARGET_NAME)";
				WRAPPER_EXTENSION = app;
			};
			name = Debug;
		};
		37FEEBA815745488003F2B77 /* Release */ = {
			isa = XCBuildConfiguration;
			buildSettings = {
				GCC_PRECOMPILE_PREFIX_HEADER = YES;
				GCC_PREFIX_HEADER = "Pinboard for iPhone/Pinboard for iPhone-Prefix.pch";
				INFOPLIST_FILE = "Pinboard for iPhone/Pinboard for iPhone-Info.plist";
				LIBRARY_SEARCH_PATHS = (
					"$(inherited)",
					"\"$(SRCROOT)/Frameworks/GRMustache/lib\"",
				);
				PRODUCT_NAME = "$(TARGET_NAME)";
				WRAPPER_EXTENSION = app;
			};
			name = Release;
		};
/* End XCBuildConfiguration section */

/* Begin XCConfigurationList section */
		37FEEB8815745488003F2B77 /* Build configuration list for PBXProject "Pinboard for iPhone" */ = {
			isa = XCConfigurationList;
			buildConfigurations = (
				37FEEBA415745488003F2B77 /* Debug */,
				37FEEBA515745488003F2B77 /* Release */,
			);
			defaultConfigurationIsVisible = 0;
			defaultConfigurationName = Release;
		};
		37FEEBA615745488003F2B77 /* Build configuration list for PBXNativeTarget "Pinboard for iPhone" */ = {
			isa = XCConfigurationList;
			buildConfigurations = (
				37FEEBA715745488003F2B77 /* Debug */,
				37FEEBA815745488003F2B77 /* Release */,
			);
			defaultConfigurationIsVisible = 0;
			defaultConfigurationName = Release;
		};
/* End XCConfigurationList section */
	};
	rootObject = 37FEEB8515745488003F2B77 /* Project object */;
}
